// !$*UTF8*$!
{
	archiveVersion = 1;
	classes = {
	};
	objectVersion = 46;
	objects = {

/* Begin PBXBuildFile section */
		C5F9F51A1B65011E00C15ECF /* AppDelegate.swift in Sources */ = {isa = PBXBuildFile; fileRef = C5F9F5191B65011E00C15ECF /* AppDelegate.swift */; };
		C5F9F51C1B65011E00C15ECF /* ViewController.swift in Sources */ = {isa = PBXBuildFile; fileRef = C5F9F51B1B65011E00C15ECF /* ViewController.swift */; };
		C5F9F51F1B65011E00C15ECF /* Main.storyboard in Resources */ = {isa = PBXBuildFile; fileRef = C5F9F51D1B65011E00C15ECF /* Main.storyboard */; };
		C5F9F5211B65011E00C15ECF /* Images.xcassets in Resources */ = {isa = PBXBuildFile; fileRef = C5F9F5201B65011E00C15ECF /* Images.xcassets */; };
		C5F9F5241B65011E00C15ECF /* LaunchScreen.xib in Resources */ = {isa = PBXBuildFile; fileRef = C5F9F5221B65011E00C15ECF /* LaunchScreen.xib */; };
		C5F9F5301B65011E00C15ECF /* T11E4JuanGarciaTests.swift in Sources */ = {isa = PBXBuildFile; fileRef = C5F9F52F1B65011E00C15ECF /* T11E4JuanGarciaTests.swift */; };
		C5F9F53A1B65013C00C15ECF /* SegundoViewController.swift in Sources */ = {isa = PBXBuildFile; fileRef = C5F9F5391B65013C00C15ECF /* SegundoViewController.swift */; };
/* End PBXBuildFile section */

/* Begin PBXContainerItemProxy section */
		C5F9F52A1B65011E00C15ECF /* PBXContainerItemProxy */ = {
			isa = PBXContainerItemProxy;
			containerPortal = C5F9F50C1B65011E00C15ECF /* Project object */;
			proxyType = 1;
			remoteGlobalIDString = C5F9F5131B65011E00C15ECF;
			remoteInfo = T11E4JuanGarcia;
		};
/* End PBXContainerItemProxy section */

/* Begin PBXFileReference section */
		C5F9F5141B65011E00C15ECF /* T11E4JuanGarcia.app */ = {isa = PBXFileReference; explicitFileType = wrapper.application; includeInIndex = 0; path = T11E4JuanGarcia.app; sourceTree = BUILT_PRODUCTS_DIR; };
		C5F9F5181B65011E00C15ECF /* Info.plist */ = {isa = PBXFileReference; lastKnownFileType = text.plist.xml; path = Info.plist; sourceTree = "<group>"; };
		C5F9F5191B65011E00C15ECF /* AppDelegate.swift */ = {isa = PBXFileReference; lastKnownFileType = sourcecode.swift; path = AppDelegate.swift; sourceTree = "<group>"; };
		C5F9F51B1B65011E00C15ECF /* ViewController.swift */ = {isa = PBXFileReference; lastKnownFileType = sourcecode.swift; path = ViewController.swift; sourceTree = "<group>"; };
		C5F9F51E1B65011E00C15ECF /* Base */ = {isa = PBXFileReference; lastKnownFileType = file.storyboard; name = Base; path = Base.lproj/Main.storyboard; sourceTree = "<group>"; };
		C5F9F5201B65011E00C15ECF /* Images.xcassets */ = {isa = PBXFileReference; lastKnownFileType = folder.assetcatalog; path = Images.xcassets; sourceTree = "<group>"; };
		C5F9F5231B65011E00C15ECF /* Base */ = {isa = PBXFileReference; lastKnownFileType = file.xib; name = Base; path = Base.lproj/LaunchScreen.xib; sourceTree = "<group>"; };
		C5F9F5291B65011E00C15ECF /* T11E4JuanGarciaTests.xctest */ = {isa = PBXFileReference; explicitFileType = wrapper.cfbundle; includeInIndex = 0; path = T11E4JuanGarciaTests.xctest; sourceTree = BUILT_PRODUCTS_DIR; };
		C5F9F52E1B65011E00C15ECF /* Info.plist */ = {isa = PBXFileReference; lastKnownFileType = text.plist.xml; path = Info.plist; sourceTree = "<group>"; };
		C5F9F52F1B65011E00C15ECF /* T11E4JuanGarciaTests.swift */ = {isa = PBXFileReference; lastKnownFileType = sourcecode.swift; path = T11E4JuanGarciaTests.swift; sourceTree = "<group>"; };
		C5F9F5391B65013C00C15ECF /* SegundoViewController.swift */ = {isa = PBXFileReference; fileEncoding = 4; lastKnownFileType = sourcecode.swift; path = SegundoViewController.swift; sourceTree = "<group>"; };
/* End PBXFileReference section */

/* Begin PBXFrameworksBuildPhase section */
		C5F9F5111B65011E00C15ECF /* Frameworks */ = {
			isa = PBXFrameworksBuildPhase;
			buildActionMask = 2147483647;
			files = (
			);
			runOnlyForDeploymentPostprocessing = 0;
		};
		C5F9F5261B65011E00C15ECF /* Frameworks */ = {
			isa = PBXFrameworksBuildPhase;
			buildActionMask = 2147483647;
			files = (
			);
			runOnlyForDeploymentPostprocessing = 0;
		};
/* End PBXFrameworksBuildPhase section */

/* Begin PBXGroup section */
		C5F9F50B1B65011E00C15ECF = {
			isa = PBXGroup;
			children = (
				C5F9F5391B65013C00C15ECF /* SegundoViewController.swift */,
				C5F9F5161B65011E00C15ECF /* T11E4JuanGarcia */,
				C5F9F52C1B65011E00C15ECF /* T11E4JuanGarciaTests */,
				C5F9F5151B65011E00C15ECF /* Products */,
			);
			sourceTree = "<group>";
		};
		C5F9F5151B65011E00C15ECF /* Products */ = {
			isa = PBXGroup;
			children = (
				C5F9F5141B65011E00C15ECF /* T11E4JuanGarcia.app */,
				C5F9F5291B65011E00C15ECF /* T11E4JuanGarciaTests.xctest */,
			);
			name = Products;
			sourceTree = "<group>";
		};
		C5F9F5161B65011E00C15ECF /* T11E4JuanGarcia */ = {
			isa = PBXGroup;
			children = (
				C5F9F5191B65011E00C15ECF /* AppDelegate.swift */,
				C5F9F51B1B65011E00C15ECF /* ViewController.swift */,
				C5F9F51D1B65011E00C15ECF /* Main.storyboard */,
				C5F9F5201B65011E00C15ECF /* Images.xcassets */,
				C5F9F5221B65011E00C15ECF /* LaunchScreen.xib */,
				C5F9F5171B65011E00C15ECF /* Supporting Files */,
			);
			path = T11E4JuanGarcia;
			sourceTree = "<group>";
		};
		C5F9F5171B65011E00C15ECF /* Supporting Files */ = {
			isa = PBXGroup;
			children = (
				C5F9F5181B65011E00C15ECF /* Info.plist */,
			);
			name = "Supporting Files";
			sourceTree = "<group>";
		};
		C5F9F52C1B65011E00C15ECF /* T11E4JuanGarciaTests */ = {
			isa = PBXGroup;
			children = (
				C5F9F52F1B65011E00C15ECF /* T11E4JuanGarciaTests.swift */,
				C5F9F52D1B65011E00C15ECF /* Supporting Files */,
			);
			path = T11E4JuanGarciaTests;
			sourceTree = "<group>";
		};
		C5F9F52D1B65011E00C15ECF /* Supporting Files */ = {
			isa = PBXGroup;
			children = (
				C5F9F52E1B65011E00C15ECF /* Info.plist */,
			);
			name = "Supporting Files";
			sourceTree = "<group>";
		};
/* End PBXGroup section */

/* Begin PBXNativeTarget section */
		C5F9F5131B65011E00C15ECF /* T11E4JuanGarcia */ = {
			isa = PBXNativeTarget;
			buildConfigurationList = C5F9F5331B65011E00C15ECF /* Build configuration list for PBXNativeTarget "T11E4JuanGarcia" */;
			buildPhases = (
				C5F9F5101B65011E00C15ECF /* Sources */,
				C5F9F5111B65011E00C15ECF /* Frameworks */,
				C5F9F5121B65011E00C15ECF /* Resources */,
			);
			buildRules = (
			);
			dependencies = (
			);
			name = T11E4JuanGarcia;
			productName = T11E4JuanGarcia;
			productReference = C5F9F5141B65011E00C15ECF /* T11E4JuanGarcia.app */;
			productType = "com.apple.product-type.application";
		};
		C5F9F5281B65011E00C15ECF /* T11E4JuanGarciaTests */ = {
			isa = PBXNativeTarget;
			buildConfigurationList = C5F9F5361B65011E00C15ECF /* Build configuration list for PBXNativeTarget "T11E4JuanGarciaTests" */;
			buildPhases = (
				C5F9F5251B65011E00C15ECF /* Sources */,
				C5F9F5261B65011E00C15ECF /* Frameworks */,
				C5F9F5271B65011E00C15ECF /* Resources */,
			);
			buildRules = (
			);
			dependencies = (
				C5F9F52B1B65011E00C15ECF /* PBXTargetDependency */,
			);
			name = T11E4JuanGarciaTests;
			productName = T11E4JuanGarciaTests;
			productReference = C5F9F5291B65011E00C15ECF /* T11E4JuanGarciaTests.xctest */;
			productType = "com.apple.product-type.bundle.unit-test";
		};
/* End PBXNativeTarget section */

/* Begin PBXProject section */
		C5F9F50C1B65011E00C15ECF /* Project object */ = {
			isa = PBXProject;
			attributes = {
				LastSwiftUpdateCheck = 0720;
				LastUpgradeCheck = 0640;
				ORGANIZATIONNAME = jgd;
				TargetAttributes = {
					C5F9F5131B65011E00C15ECF = {
						CreatedOnToolsVersion = 6.4;
						DevelopmentTeam = MK6N6UHZRE;
					};
					C5F9F5281B65011E00C15ECF = {
						CreatedOnToolsVersion = 6.4;
						TestTargetID = C5F9F5131B65011E00C15ECF;
					};
				};
			};
			buildConfigurationList = C5F9F50F1B65011E00C15ECF /* Build configuration list for PBXProject "T11E4JuanGarcia" */;
			compatibilityVersion = "Xcode 3.2";
			developmentRegion = English;
			hasScannedForEncodings = 0;
			knownRegions = (
				en,
				Base,
			);
			mainGroup = C5F9F50B1B65011E00C15ECF;
			productRefGroup = C5F9F5151B65011E00C15ECF /* Products */;
			projectDirPath = "";
			projectRoot = "";
			targets = (
				C5F9F5131B65011E00C15ECF /* T11E4JuanGarcia */,
				C5F9F5281B65011E00C15ECF /* T11E4JuanGarciaTests */,
			);
		};
/* End PBXProject section */

/* Begin PBXResourcesBuildPhase section */
		C5F9F5121B65011E00C15ECF /* Resources */ = {
			isa = PBXResourcesBuildPhase;
			buildActionMask = 2147483647;
			files = (
				C5F9F51F1B65011E00C15ECF /* Main.storyboard in Resources */,
				C5F9F5241B65011E00C15ECF /* LaunchScreen.xib in Resources */,
				C5F9F5211B65011E00C15ECF /* Images.xcassets in Resources */,
			);
			runOnlyForDeploymentPostprocessing = 0;
		};
		C5F9F5271B65011E00C15ECF /* Resources */ = {
			isa = PBXResourcesBuildPhase;
			buildActionMask = 2147483647;
			files = (
			);
			runOnlyForDeploymentPostprocessing = 0;
		};
/* End PBXResourcesBuildPhase section */

/* Begin PBXSourcesBuildPhase section */
		C5F9F5101B65011E00C15ECF /* Sources */ = {
			isa = PBXSourcesBuildPhase;
			buildActionMask = 2147483647;
			files = (
				C5F9F51C1B65011E00C15ECF /* ViewController.swift in Sources */,
				C5F9F51A1B65011E00C15ECF /* AppDelegate.swift in Sources */,
				C5F9F53A1B65013C00C15ECF /* SegundoViewController.swift in Sources */,
			);
			runOnlyForDeploymentPostprocessing = 0;
		};
		C5F9F5251B65011E00C15ECF /* Sources */ = {
			isa = PBXSourcesBuildPhase;
			buildActionMask = 2147483647;
			files = (
				C5F9F5301B65011E00C15ECF /* T11E4JuanGarciaTests.swift in Sources */,
			);
			runOnlyForDeploymentPostprocessing = 0;
		};
/* End PBXSourcesBuildPhase section */

/* Begin PBXTargetDependency section */
		C5F9F52B1B65011E00C15ECF /* PBXTargetDependency */ = {
			isa = PBXTargetDependency;
			target = C5F9F5131B65011E00C15ECF /* T11E4JuanGarcia */;
			targetProxy = C5F9F52A1B65011E00C15ECF /* PBXContainerItemProxy */;
		};
/* End PBXTargetDependency section */

/* Begin PBXVariantGroup section */
		C5F9F51D1B65011E00C15ECF /* Main.storyboard */ = {
			isa = PBXVariantGroup;
			children = (
				C5F9F51E1B65011E00C15ECF /* Base */,
			);
			name = Main.storyboard;
			sourceTree = "<group>";
		};
		C5F9F5221B65011E00C15ECF /* LaunchScreen.xib */ = {
			isa = PBXVariantGroup;
			children = (
				C5F9F5231B65011E00C15ECF /* Base */,
			);
			name = LaunchScreen.xib;
			sourceTree = "<group>";
		};
/* End PBXVariantGroup section */

/* Begin XCBuildConfiguration section */
		C5F9F5311B65011E00C15ECF /* Debug */ = {
			isa = XCBuildConfiguration;
			buildSettings = {
				ALWAYS_SEARCH_USER_PATHS = NO;
				CLANG_CXX_LANGUAGE_STANDARD = "gnu++0x";
				CLANG_CXX_LIBRARY = "libc++";
				CLANG_ENABLE_MODULES = YES;
				CLANG_ENABLE_OBJC_ARC = YES;
				CLANG_WARN_BOOL_CONVERSION = YES;
				CLANG_WARN_CONSTANT_CONVERSION = YES;
				CLANG_WARN_DIRECT_OBJC_ISA_USAGE = YES_ERROR;
				CLANG_WARN_EMPTY_BODY = YES;
				CLANG_WARN_ENUM_CONVERSION = YES;
				CLANG_WARN_INT_CONVERSION = YES;
				CLANG_WARN_OBJC_ROOT_CLASS = YES_ERROR;
				CLANG_WARN_UNREACHABLE_CODE = YES;
				CLANG_WARN__DUPLICATE_METHOD_MATCH = YES;
				"CODE_SIGN_IDENTITY[sdk=iphoneos*]" = "iPhone Developer";
				COPY_PHASE_STRIP = NO;
				DEBUG_INFORMATION_FORMAT = "dwarf-with-dsym";
				ENABLE_STRICT_OBJC_MSGSEND = YES;
				GCC_C_LANGUAGE_STANDARD = gnu99;
				GCC_DYNAMIC_NO_PIC = NO;
				GCC_NO_COMMON_BLOCKS = YES;
				GCC_OPTIMIZATION_LEVEL = 0;
				GCC_PREPROCESSOR_DEFINITIONS = (
					"DEBUG=1",
					"$(inherited)",
				);
				GCC_SYMBOLS_PRIVATE_EXTERN = NO;
				GCC_WARN_64_TO_32_BIT_CONVERSION = YES;
				GCC_WARN_ABOUT_RETURN_TYPE = YES_ERROR;
				GCC_WARN_UNDECLARED_SELECTOR = YES;
				GCC_WARN_UNINITIALIZED_AUTOS = YES_AGGRESSIVE;
				GCC_WARN_UNUSED_FUNCTION = YES;
				GCC_WARN_UNUSED_VARIABLE = YES;
				IPHONEOS_DEPLOYMENT_TARGET = 8.4;
				MTL_ENABLE_DEBUG_INFO = YES;
				ONLY_ACTIVE_ARCH = YES;
				SDKROOT = iphoneos;
				SWIFT_OPTIMIZATION_LEVEL = "-Onone";
			};
			name = Debug;
		};
		C5F9F5321B65011E00C15ECF /* Release */ = {
			isa = XCBuildConfiguration;
			buildSettings = {
				ALWAYS_SEARCH_USER_PATHS = NO;
				CLANG_CXX_LANGUAGE_STANDARD = "gnu++0x";
				CLANG_CXX_LIBRARY = "libc++";
				CLANG_ENABLE_MODULES = YES;
				CLANG_ENABLE_OBJC_ARC = YES;
				CLANG_WARN_BOOL_CONVERSION = YES;
				CLANG_WARN_CONSTANT_CONVERSION = YES;
				CLANG_WARN_DIRECT_OBJC_ISA_USAGE = YES_ERROR;
				CLANG_WARN_EMPTY_BODY = YES;
				CLANG_WARN_ENUM_CONVERSION = YES;
				CLANG_WARN_INT_CONVERSION = YES;
				CLANG_WARN_OBJC_ROOT_CLASS = YES_ERROR;
				CLANG_WARN_UNREACHABLE_CODE = YES;
				CLANG_WARN__DUPLICATE_METHOD_MATCH = YES;
				"CODE_SIGN_IDENTITY[sdk=iphoneos*]" = "iPhone Developer";
				COPY_PHASE_STRIP = NO;
				DEBUG_INFORMATION_FORMAT = "dwarf-with-dsym";
				ENABLE_NS_ASSERTIONS = NO;
				ENABLE_STRICT_OBJC_MSGSEND = YES;
				GCC_C_LANGUAGE_STANDARD = gnu99;
				GCC_NO_COMMON_BLOCKS = YES;
				GCC_WARN_64_TO_32_BIT_CONVERSION = YES;
				GCC_WARN_ABOUT_RETURN_TYPE = YES_ERROR;
				GCC_WARN_UNDECLARED_SELECTOR = YES;
				GCC_WARN_UNINITIALIZED_AUTOS = YES_AGGRESSIVE;
				GCC_WARN_UNUSED_FUNCTION = YES;
				GCC_WARN_UNUSED_VARIABLE = YES;
				IPHONEOS_DEPLOYMENT_TARGET = 8.4;
				MTL_ENABLE_DEBUG_INFO = NO;
				SDKROOT = iphoneos;
				VALIDATE_PRODUCT = YES;
			};
			name = Release;
		};
		C5F9F5341B65011E00C15ECF /* Debug */ = {
			isa = XCBuildConfiguration;
			buildSettings = {
				ASSETCATALOG_COMPILER_APPICON_NAME = AppIcon;
				CODE_SIGN_IDENTITY = "iPhone Developer";
				"CODE_SIGN_IDENTITY[sdk=iphoneos*]" = "iPhone Developer";
				INFOPLIST_FILE = T11E4JuanGarcia/Info.plist;
				LD_RUNPATH_SEARCH_PATHS = "$(inherited) @executable_path/Frameworks";
				PRODUCT_NAME = "$(TARGET_NAME)";
				PROVISIONING_PROFILE = "";
			};
			name = Debug;
		};
		C5F9F5351B65011E00C15ECF /* Release */ = {
			isa = XCBuildConfiguration;
			buildSettings = {
				ASSETCATALOG_COMPILER_APPICON_NAME = AppIcon;
				CODE_SIGN_IDENTITY = "iPhone Developer";
				"CODE_SIGN_IDENTITY[sdk=iphoneos*]" = "iPhone Developer";
				INFOPLIST_FILE = T11E4JuanGarcia/Info.plist;
				LD_RUNPATH_SEARCH_PATHS = "$(inherited) @executable_path/Frameworks";
				PRODUCT_NAME = "$(TARGET_NAME)";
				PROVISIONING_PROFILE = "";
			};
			name = Release;
		};
		C5F9F5371B65011E00C15ECF /* Debug */ = {
			isa = XCBuildConfiguration;
			buildSettings = {
				BUNDLE_LOADER = "$(TEST_HOST)";
				FRAMEWORK_SEARCH_PATHS = (
					"$(SDKROOT)/Developer/Library/Frameworks",
					"$(inherited)",
				);
				GCC_PREPROCESSOR_DEFINITIONS = (
					"DEBUG=1",
					"$(inherited)",
				);
				INFOPLIST_FILE = T11E4JuanGarciaTests/Info.plist;
				LD_RUNPATH_SEARCH_PATHS = "$(inherited) @executable_path/Frameworks @loader_path/Frameworks";
				PRODUCT_NAME = "$(TARGET_NAME)";
				TEST_HOST = "$(BUILT_PRODUCTS_DIR)/T11E4JuanGarcia.app/T11E4JuanGarcia";
			};
			name = Debug;
		};
		C5F9F5381B65011E00C15ECF /* Release */ = {
			isa = XCBuildConfiguration;
			buildSettings = {
				BUNDLE_LOADER = "$(TEST_HOST)";
				FRAMEWORK_SEARCH_PATHS = (
					"$(SDKROOT)/Developer/Library/Frameworks",
					"$(inherited)",
				);
				INFOPLIST_FILE = T11E4JuanGarciaTests/Info.plist;
				LD_RUNPATH_SEARCH_PATHS = "$(inherited) @executable_path/Frameworks @loader_path/Frameworks";
				PRODUCT_NAME = "$(TARGET_NAME)";
				TEST_HOST = "$(BUILT_PRODUCTS_DIR)/T11E4JuanGarcia.app/T11E4JuanGarcia";
			};
			name = Release;
		};
/* End XCBuildConfiguration section */

/* Begin XCConfigurationList section */
		C5F9F50F1B65011E00C15ECF /* Build configuration list for PBXProject "T11E4JuanGarcia" */ = {
			isa = XCConfigurationList;
			buildConfigurations = (
				C5F9F5311B65011E00C15ECF /* Debug */,
				C5F9F5321B65011E00C15ECF /* Release */,
			);
			defaultConfigurationIsVisible = 0;
			defaultConfigurationName = Release;
		};
		C5F9F5331B65011E00C15ECF /* Build configuration list for PBXNativeTarget "T11E4JuanGarcia" */ = {
			isa = XCConfigurationList;
			buildConfigurations = (
				C5F9F5341B65011E00C15ECF /* Debug */,
				C5F9F5351B65011E00C15ECF /* Release */,
			);
			defaultConfigurationIsVisible = 0;
			defaultConfigurationName = Release;
		};
		C5F9F5361B65011E00C15ECF /* Build configuration list for PBXNativeTarget "T11E4JuanGarciaTests" */ = {
			isa = XCConfigurationList;
			buildConfigurations = (
				C5F9F5371B65011E00C15ECF /* Debug */,
				C5F9F5381B65011E00C15ECF /* Release */,
			);
			defaultConfigurationIsVisible = 0;
			defaultConfigurationName = Release;
		};
/* End XCConfigurationList section */
	};
	rootObject = C5F9F50C1B65011E00C15ECF /* Project object */;
}
