// !$*UTF8*$!
{
	archiveVersion = 1;
	classes = {
	};
	objectVersion = 46;
	objects = {

/* Begin PBXBuildFile section */
		C5B1971D1B54480A008DD4F6 /* AppDelegate.swift in Sources */ = {isa = PBXBuildFile; fileRef = C5B1971C1B54480A008DD4F6 /* AppDelegate.swift */; };
		C5B1971F1B54480A008DD4F6 /* ViewController.swift in Sources */ = {isa = PBXBuildFile; fileRef = C5B1971E1B54480A008DD4F6 /* ViewController.swift */; };
		C5B197221B54480A008DD4F6 /* Main.storyboard in Resources */ = {isa = PBXBuildFile; fileRef = C5B197201B54480A008DD4F6 /* Main.storyboard */; };
		C5B197241B54480A008DD4F6 /* Images.xcassets in Resources */ = {isa = PBXBuildFile; fileRef = C5B197231B54480A008DD4F6 /* Images.xcassets */; };
		C5B197271B54480A008DD4F6 /* LaunchScreen.xib in Resources */ = {isa = PBXBuildFile; fileRef = C5B197251B54480A008DD4F6 /* LaunchScreen.xib */; };
		C5B197331B54480A008DD4F6 /* T5E2JuanGarciaTests.swift in Sources */ = {isa = PBXBuildFile; fileRef = C5B197321B54480A008DD4F6 /* T5E2JuanGarciaTests.swift */; };
		C5B1973D1B544CB7008DD4F6 /* Img06.jpg in Resources */ = {isa = PBXBuildFile; fileRef = C5B1973C1B544CB6008DD4F6 /* Img06.jpg */; };
/* End PBXBuildFile section */

/* Begin PBXContainerItemProxy section */
		C5B1972D1B54480A008DD4F6 /* PBXContainerItemProxy */ = {
			isa = PBXContainerItemProxy;
			containerPortal = C5B1970F1B54480A008DD4F6 /* Project object */;
			proxyType = 1;
			remoteGlobalIDString = C5B197161B54480A008DD4F6;
			remoteInfo = T5E2JuanGarcia;
		};
/* End PBXContainerItemProxy section */

/* Begin PBXFileReference section */
		C5B197171B54480A008DD4F6 /* T5E2JuanGarcia.app */ = {isa = PBXFileReference; explicitFileType = wrapper.application; includeInIndex = 0; path = T5E2JuanGarcia.app; sourceTree = BUILT_PRODUCTS_DIR; };
		C5B1971B1B54480A008DD4F6 /* Info.plist */ = {isa = PBXFileReference; lastKnownFileType = text.plist.xml; path = Info.plist; sourceTree = "<group>"; };
		C5B1971C1B54480A008DD4F6 /* AppDelegate.swift */ = {isa = PBXFileReference; lastKnownFileType = sourcecode.swift; path = AppDelegate.swift; sourceTree = "<group>"; };
		C5B1971E1B54480A008DD4F6 /* ViewController.swift */ = {isa = PBXFileReference; lastKnownFileType = sourcecode.swift; path = ViewController.swift; sourceTree = "<group>"; };
		C5B197211B54480A008DD4F6 /* Base */ = {isa = PBXFileReference; lastKnownFileType = file.storyboard; name = Base; path = Base.lproj/Main.storyboard; sourceTree = "<group>"; };
		C5B197231B54480A008DD4F6 /* Images.xcassets */ = {isa = PBXFileReference; lastKnownFileType = folder.assetcatalog; path = Images.xcassets; sourceTree = "<group>"; };
		C5B197261B54480A008DD4F6 /* Base */ = {isa = PBXFileReference; lastKnownFileType = file.xib; name = Base; path = Base.lproj/LaunchScreen.xib; sourceTree = "<group>"; };
		C5B1972C1B54480A008DD4F6 /* T5E2JuanGarciaTests.xctest */ = {isa = PBXFileReference; explicitFileType = wrapper.cfbundle; includeInIndex = 0; path = T5E2JuanGarciaTests.xctest; sourceTree = BUILT_PRODUCTS_DIR; };
		C5B197311B54480A008DD4F6 /* Info.plist */ = {isa = PBXFileReference; lastKnownFileType = text.plist.xml; path = Info.plist; sourceTree = "<group>"; };
		C5B197321B54480A008DD4F6 /* T5E2JuanGarciaTests.swift */ = {isa = PBXFileReference; lastKnownFileType = sourcecode.swift; path = T5E2JuanGarciaTests.swift; sourceTree = "<group>"; };
		C5B1973C1B544CB6008DD4F6 /* Img06.jpg */ = {isa = PBXFileReference; lastKnownFileType = image.jpeg; path = Img06.jpg; sourceTree = "<group>"; };
/* End PBXFileReference section */

/* Begin PBXFrameworksBuildPhase section */
		C5B197141B54480A008DD4F6 /* Frameworks */ = {
			isa = PBXFrameworksBuildPhase;
			buildActionMask = 2147483647;
			files = (
			);
			runOnlyForDeploymentPostprocessing = 0;
		};
		C5B197291B54480A008DD4F6 /* Frameworks */ = {
			isa = PBXFrameworksBuildPhase;
			buildActionMask = 2147483647;
			files = (
			);
			runOnlyForDeploymentPostprocessing = 0;
		};
/* End PBXFrameworksBuildPhase section */

/* Begin PBXGroup section */
		C5B1970E1B54480A008DD4F6 = {
			isa = PBXGroup;
			children = (
				C5B197191B54480A008DD4F6 /* T5E2JuanGarcia */,
				C5B1972F1B54480A008DD4F6 /* T5E2JuanGarciaTests */,
				C5B197181B54480A008DD4F6 /* Products */,
			);
			sourceTree = "<group>";
		};
		C5B197181B54480A008DD4F6 /* Products */ = {
			isa = PBXGroup;
			children = (
				C5B197171B54480A008DD4F6 /* T5E2JuanGarcia.app */,
				C5B1972C1B54480A008DD4F6 /* T5E2JuanGarciaTests.xctest */,
			);
			name = Products;
			sourceTree = "<group>";
		};
		C5B197191B54480A008DD4F6 /* T5E2JuanGarcia */ = {
			isa = PBXGroup;
			children = (
				C5B1971C1B54480A008DD4F6 /* AppDelegate.swift */,
				C5B1971E1B54480A008DD4F6 /* ViewController.swift */,
				C5B197201B54480A008DD4F6 /* Main.storyboard */,
				C5B197231B54480A008DD4F6 /* Images.xcassets */,
				C5B197251B54480A008DD4F6 /* LaunchScreen.xib */,
				C5B1971A1B54480A008DD4F6 /* Supporting Files */,
			);
			path = T5E2JuanGarcia;
			sourceTree = "<group>";
		};
		C5B1971A1B54480A008DD4F6 /* Supporting Files */ = {
			isa = PBXGroup;
			children = (
				C5B1973C1B544CB6008DD4F6 /* Img06.jpg */,
				C5B1971B1B54480A008DD4F6 /* Info.plist */,
			);
			name = "Supporting Files";
			sourceTree = "<group>";
		};
		C5B1972F1B54480A008DD4F6 /* T5E2JuanGarciaTests */ = {
			isa = PBXGroup;
			children = (
				C5B197321B54480A008DD4F6 /* T5E2JuanGarciaTests.swift */,
				C5B197301B54480A008DD4F6 /* Supporting Files */,
			);
			path = T5E2JuanGarciaTests;
			sourceTree = "<group>";
		};
		C5B197301B54480A008DD4F6 /* Supporting Files */ = {
			isa = PBXGroup;
			children = (
				C5B197311B54480A008DD4F6 /* Info.plist */,
			);
			name = "Supporting Files";
			sourceTree = "<group>";
		};
/* End PBXGroup section */

/* Begin PBXNativeTarget section */
		C5B197161B54480A008DD4F6 /* T5E2JuanGarcia */ = {
			isa = PBXNativeTarget;
			buildConfigurationList = C5B197361B54480A008DD4F6 /* Build configuration list for PBXNativeTarget "T5E2JuanGarcia" */;
			buildPhases = (
				C5B197131B54480A008DD4F6 /* Sources */,
				C5B197141B54480A008DD4F6 /* Frameworks */,
				C5B197151B54480A008DD4F6 /* Resources */,
			);
			buildRules = (
			);
			dependencies = (
			);
			name = T5E2JuanGarcia;
			productName = T5E2JuanGarcia;
			productReference = C5B197171B54480A008DD4F6 /* T5E2JuanGarcia.app */;
			productType = "com.apple.product-type.application";
		};
		C5B1972B1B54480A008DD4F6 /* T5E2JuanGarciaTests */ = {
			isa = PBXNativeTarget;
			buildConfigurationList = C5B197391B54480A008DD4F6 /* Build configuration list for PBXNativeTarget "T5E2JuanGarciaTests" */;
			buildPhases = (
				C5B197281B54480A008DD4F6 /* Sources */,
				C5B197291B54480A008DD4F6 /* Frameworks */,
				C5B1972A1B54480A008DD4F6 /* Resources */,
			);
			buildRules = (
			);
			dependencies = (
				C5B1972E1B54480A008DD4F6 /* PBXTargetDependency */,
			);
			name = T5E2JuanGarciaTests;
			productName = T5E2JuanGarciaTests;
			productReference = C5B1972C1B54480A008DD4F6 /* T5E2JuanGarciaTests.xctest */;
			productType = "com.apple.product-type.bundle.unit-test";
		};
/* End PBXNativeTarget section */

/* Begin PBXProject section */
		C5B1970F1B54480A008DD4F6 /* Project object */ = {
			isa = PBXProject;
			attributes = {
				LastSwiftUpdateCheck = 0710;
				LastUpgradeCheck = 0630;
				ORGANIZATIONNAME = jgd;
				TargetAttributes = {
					C5B197161B54480A008DD4F6 = {
						CreatedOnToolsVersion = 6.3.2;
						DevelopmentTeam = MK6N6UHZRE;
					};
					C5B1972B1B54480A008DD4F6 = {
						CreatedOnToolsVersion = 6.3.2;
						TestTargetID = C5B197161B54480A008DD4F6;
					};
				};
			};
			buildConfigurationList = C5B197121B54480A008DD4F6 /* Build configuration list for PBXProject "T5E2JuanGarcia" */;
			compatibilityVersion = "Xcode 3.2";
			developmentRegion = English;
			hasScannedForEncodings = 0;
			knownRegions = (
				en,
				Base,
			);
			mainGroup = C5B1970E1B54480A008DD4F6;
			productRefGroup = C5B197181B54480A008DD4F6 /* Products */;
			projectDirPath = "";
			projectRoot = "";
			targets = (
				C5B197161B54480A008DD4F6 /* T5E2JuanGarcia */,
				C5B1972B1B54480A008DD4F6 /* T5E2JuanGarciaTests */,
			);
		};
/* End PBXProject section */

/* Begin PBXResourcesBuildPhase section */
		C5B197151B54480A008DD4F6 /* Resources */ = {
			isa = PBXResourcesBuildPhase;
			buildActionMask = 2147483647;
			files = (
				C5B197221B54480A008DD4F6 /* Main.storyboard in Resources */,
				C5B197271B54480A008DD4F6 /* LaunchScreen.xib in Resources */,
				C5B197241B54480A008DD4F6 /* Images.xcassets in Resources */,
				C5B1973D1B544CB7008DD4F6 /* Img06.jpg in Resources */,
			);
			runOnlyForDeploymentPostprocessing = 0;
		};
		C5B1972A1B54480A008DD4F6 /* Resources */ = {
			isa = PBXResourcesBuildPhase;
			buildActionMask = 2147483647;
			files = (
			);
			runOnlyForDeploymentPostprocessing = 0;
		};
/* End PBXResourcesBuildPhase section */

/* Begin PBXSourcesBuildPhase section */
		C5B197131B54480A008DD4F6 /* Sources */ = {
			isa = PBXSourcesBuildPhase;
			buildActionMask = 2147483647;
			files = (
				C5B1971F1B54480A008DD4F6 /* ViewController.swift in Sources */,
				C5B1971D1B54480A008DD4F6 /* AppDelegate.swift in Sources */,
			);
			runOnlyForDeploymentPostprocessing = 0;
		};
		C5B197281B54480A008DD4F6 /* Sources */ = {
			isa = PBXSourcesBuildPhase;
			buildActionMask = 2147483647;
			files = (
				C5B197331B54480A008DD4F6 /* T5E2JuanGarciaTests.swift in Sources */,
			);
			runOnlyForDeploymentPostprocessing = 0;
		};
/* End PBXSourcesBuildPhase section */

/* Begin PBXTargetDependency section */
		C5B1972E1B54480A008DD4F6 /* PBXTargetDependency */ = {
			isa = PBXTargetDependency;
			target = C5B197161B54480A008DD4F6 /* T5E2JuanGarcia */;
			targetProxy = C5B1972D1B54480A008DD4F6 /* PBXContainerItemProxy */;
		};
/* End PBXTargetDependency section */

/* Begin PBXVariantGroup section */
		C5B197201B54480A008DD4F6 /* Main.storyboard */ = {
			isa = PBXVariantGroup;
			children = (
				C5B197211B54480A008DD4F6 /* Base */,
			);
			name = Main.storyboard;
			sourceTree = "<group>";
		};
		C5B197251B54480A008DD4F6 /* LaunchScreen.xib */ = {
			isa = PBXVariantGroup;
			children = (
				C5B197261B54480A008DD4F6 /* Base */,
			);
			name = LaunchScreen.xib;
			sourceTree = "<group>";
		};
/* End PBXVariantGroup section */

/* Begin XCBuildConfiguration section */
		C5B197341B54480A008DD4F6 /* Debug */ = {
			isa = XCBuildConfiguration;
			buildSettings = {
				ALWAYS_SEARCH_USER_PATHS = NO;
				CLANG_CXX_LANGUAGE_STANDARD = "gnu++0x";
				CLANG_CXX_LIBRARY = "libc++";
				CLANG_ENABLE_MODULES = YES;
				CLANG_ENABLE_OBJC_ARC = YES;
				CLANG_WARN_BOOL_CONVERSION = YES;
				CLANG_WARN_CONSTANT_CONVERSION = YES;
				CLANG_WARN_DIRECT_OBJC_ISA_USAGE = YES_ERROR;
				CLANG_WARN_EMPTY_BODY = YES;
				CLANG_WARN_ENUM_CONVERSION = YES;
				CLANG_WARN_INT_CONVERSION = YES;
				CLANG_WARN_OBJC_ROOT_CLASS = YES_ERROR;
				CLANG_WARN_UNREACHABLE_CODE = YES;
				CLANG_WARN__DUPLICATE_METHOD_MATCH = YES;
				"CODE_SIGN_IDENTITY[sdk=iphoneos*]" = "iPhone Developer";
				COPY_PHASE_STRIP = NO;
				DEBUG_INFORMATION_FORMAT = "dwarf-with-dsym";
				ENABLE_STRICT_OBJC_MSGSEND = YES;
				GCC_C_LANGUAGE_STANDARD = gnu99;
				GCC_DYNAMIC_NO_PIC = NO;
				GCC_NO_COMMON_BLOCKS = YES;
				GCC_OPTIMIZATION_LEVEL = 0;
				GCC_PREPROCESSOR_DEFINITIONS = (
					"DEBUG=1",
					"$(inherited)",
				);
				GCC_SYMBOLS_PRIVATE_EXTERN = NO;
				GCC_WARN_64_TO_32_BIT_CONVERSION = YES;
				GCC_WARN_ABOUT_RETURN_TYPE = YES_ERROR;
				GCC_WARN_UNDECLARED_SELECTOR = YES;
				GCC_WARN_UNINITIALIZED_AUTOS = YES_AGGRESSIVE;
				GCC_WARN_UNUSED_FUNCTION = YES;
				GCC_WARN_UNUSED_VARIABLE = YES;
				IPHONEOS_DEPLOYMENT_TARGET = 8.3;
				MTL_ENABLE_DEBUG_INFO = YES;
				ONLY_ACTIVE_ARCH = YES;
				SDKROOT = iphoneos;
				SWIFT_OPTIMIZATION_LEVEL = "-Onone";
			};
			name = Debug;
		};
		C5B197351B54480A008DD4F6 /* Release */ = {
			isa = XCBuildConfiguration;
			buildSettings = {
				ALWAYS_SEARCH_USER_PATHS = NO;
				CLANG_CXX_LANGUAGE_STANDARD = "gnu++0x";
				CLANG_CXX_LIBRARY = "libc++";
				CLANG_ENABLE_MODULES = YES;
				CLANG_ENABLE_OBJC_ARC = YES;
				CLANG_WARN_BOOL_CONVERSION = YES;
				CLANG_WARN_CONSTANT_CONVERSION = YES;
				CLANG_WARN_DIRECT_OBJC_ISA_USAGE = YES_ERROR;
				CLANG_WARN_EMPTY_BODY = YES;
				CLANG_WARN_ENUM_CONVERSION = YES;
				CLANG_WARN_INT_CONVERSION = YES;
				CLANG_WARN_OBJC_ROOT_CLASS = YES_ERROR;
				CLANG_WARN_UNREACHABLE_CODE = YES;
				CLANG_WARN__DUPLICATE_METHOD_MATCH = YES;
				"CODE_SIGN_IDENTITY[sdk=iphoneos*]" = "iPhone Developer";
				COPY_PHASE_STRIP = NO;
				DEBUG_INFORMATION_FORMAT = "dwarf-with-dsym";
				ENABLE_NS_ASSERTIONS = NO;
				ENABLE_STRICT_OBJC_MSGSEND = YES;
				GCC_C_LANGUAGE_STANDARD = gnu99;
				GCC_NO_COMMON_BLOCKS = YES;
				GCC_WARN_64_TO_32_BIT_CONVERSION = YES;
				GCC_WARN_ABOUT_RETURN_TYPE = YES_ERROR;
				GCC_WARN_UNDECLARED_SELECTOR = YES;
				GCC_WARN_UNINITIALIZED_AUTOS = YES_AGGRESSIVE;
				GCC_WARN_UNUSED_FUNCTION = YES;
				GCC_WARN_UNUSED_VARIABLE = YES;
				IPHONEOS_DEPLOYMENT_TARGET = 8.3;
				MTL_ENABLE_DEBUG_INFO = NO;
				SDKROOT = iphoneos;
				VALIDATE_PRODUCT = YES;
			};
			name = Release;
		};
		C5B197371B54480A008DD4F6 /* Debug */ = {
			isa = XCBuildConfiguration;
			buildSettings = {
				ASSETCATALOG_COMPILER_APPICON_NAME = AppIcon;
				CODE_SIGN_IDENTITY = "iPhone Developer";
				"CODE_SIGN_IDENTITY[sdk=iphoneos*]" = "iPhone Developer";
				INFOPLIST_FILE = T5E2JuanGarcia/Info.plist;
				LD_RUNPATH_SEARCH_PATHS = "$(inherited) @executable_path/Frameworks";
				PRODUCT_NAME = "$(TARGET_NAME)";
				PROVISIONING_PROFILE = "";
			};
			name = Debug;
		};
		C5B197381B54480A008DD4F6 /* Release */ = {
			isa = XCBuildConfiguration;
			buildSettings = {
				ASSETCATALOG_COMPILER_APPICON_NAME = AppIcon;
				CODE_SIGN_IDENTITY = "iPhone Developer";
				"CODE_SIGN_IDENTITY[sdk=iphoneos*]" = "iPhone Developer";
				INFOPLIST_FILE = T5E2JuanGarcia/Info.plist;
				LD_RUNPATH_SEARCH_PATHS = "$(inherited) @executable_path/Frameworks";
				PRODUCT_NAME = "$(TARGET_NAME)";
				PROVISIONING_PROFILE = "";
			};
			name = Release;
		};
		C5B1973A1B54480A008DD4F6 /* Debug */ = {
			isa = XCBuildConfiguration;
			buildSettings = {
				BUNDLE_LOADER = "$(TEST_HOST)";
				FRAMEWORK_SEARCH_PATHS = (
					"$(SDKROOT)/Developer/Library/Frameworks",
					"$(inherited)",
				);
				GCC_PREPROCESSOR_DEFINITIONS = (
					"DEBUG=1",
					"$(inherited)",
				);
				INFOPLIST_FILE = T5E2JuanGarciaTests/Info.plist;
				LD_RUNPATH_SEARCH_PATHS = "$(inherited) @executable_path/Frameworks @loader_path/Frameworks";
				PRODUCT_NAME = "$(TARGET_NAME)";
				TEST_HOST = "$(BUILT_PRODUCTS_DIR)/T5E2JuanGarcia.app/T5E2JuanGarcia";
			};
			name = Debug;
		};
		C5B1973B1B54480A008DD4F6 /* Release */ = {
			isa = XCBuildConfiguration;
			buildSettings = {
				BUNDLE_LOADER = "$(TEST_HOST)";
				FRAMEWORK_SEARCH_PATHS = (
					"$(SDKROOT)/Developer/Library/Frameworks",
					"$(inherited)",
				);
				INFOPLIST_FILE = T5E2JuanGarciaTests/Info.plist;
				LD_RUNPATH_SEARCH_PATHS = "$(inherited) @executable_path/Frameworks @loader_path/Frameworks";
				PRODUCT_NAME = "$(TARGET_NAME)";
				TEST_HOST = "$(BUILT_PRODUCTS_DIR)/T5E2JuanGarcia.app/T5E2JuanGarcia";
			};
			name = Release;
		};
/* End XCBuildConfiguration section */

/* Begin XCConfigurationList section */
		C5B197121B54480A008DD4F6 /* Build configuration list for PBXProject "T5E2JuanGarcia" */ = {
			isa = XCConfigurationList;
			buildConfigurations = (
				C5B197341B54480A008DD4F6 /* Debug */,
				C5B197351B54480A008DD4F6 /* Release */,
			);
			defaultConfigurationIsVisible = 0;
			defaultConfigurationName = Release;
		};
		C5B197361B54480A008DD4F6 /* Build configuration list for PBXNativeTarget "T5E2JuanGarcia" */ = {
			isa = XCConfigurationList;
			buildConfigurations = (
				C5B197371B54480A008DD4F6 /* Debug */,
				C5B197381B54480A008DD4F6 /* Release */,
			);
			defaultConfigurationIsVisible = 0;
			defaultConfigurationName = Release;
		};
		C5B197391B54480A008DD4F6 /* Build configuration list for PBXNativeTarget "T5E2JuanGarciaTests" */ = {
			isa = XCConfigurationList;
			buildConfigurations = (
				C5B1973A1B54480A008DD4F6 /* Debug */,
				C5B1973B1B54480A008DD4F6 /* Release */,
			);
			defaultConfigurationIsVisible = 0;
			defaultConfigurationName = Release;
		};
/* End XCConfigurationList section */
	};
	rootObject = C5B1970F1B54480A008DD4F6 /* Project object */;
}
