// !$*UTF8*$!
{
	archiveVersion = 1;
	classes = {
	};
	objectVersion = 46;
	objects = {

/* Begin PBXBuildFile section */
		C506C40B1C31F74F0060D182 /* AppDelegate.swift in Sources */ = {isa = PBXBuildFile; fileRef = C506C40A1C31F74F0060D182 /* AppDelegate.swift */; };
		C506C40D1C31F74F0060D182 /* ViewController.swift in Sources */ = {isa = PBXBuildFile; fileRef = C506C40C1C31F74F0060D182 /* ViewController.swift */; };
		C506C4101C31F74F0060D182 /* Main.storyboard in Resources */ = {isa = PBXBuildFile; fileRef = C506C40E1C31F74F0060D182 /* Main.storyboard */; };
		C506C4121C31F74F0060D182 /* Assets.xcassets in Resources */ = {isa = PBXBuildFile; fileRef = C506C4111C31F74F0060D182 /* Assets.xcassets */; };
		C506C4151C31F74F0060D182 /* LaunchScreen.storyboard in Resources */ = {isa = PBXBuildFile; fileRef = C506C4131C31F74F0060D182 /* LaunchScreen.storyboard */; };
		C506C4201C31F74F0060D182 /* T17E2JuanGarciaTests.swift in Sources */ = {isa = PBXBuildFile; fileRef = C506C41F1C31F74F0060D182 /* T17E2JuanGarciaTests.swift */; };
		C506C42B1C31F74F0060D182 /* T17E2JuanGarciaUITests.swift in Sources */ = {isa = PBXBuildFile; fileRef = C506C42A1C31F74F0060D182 /* T17E2JuanGarciaUITests.swift */; };
		C506C4391C31F7650060D182 /* Social.framework in Frameworks */ = {isa = PBXBuildFile; fileRef = C506C4381C31F7650060D182 /* Social.framework */; };
		C51883D21C398A66000815C0 /* im1.jpeg in Resources */ = {isa = PBXBuildFile; fileRef = C51883D11C398A66000815C0 /* im1.jpeg */; };
/* End PBXBuildFile section */

/* Begin PBXContainerItemProxy section */
		C506C41C1C31F74F0060D182 /* PBXContainerItemProxy */ = {
			isa = PBXContainerItemProxy;
			containerPortal = C506C3FF1C31F74E0060D182 /* Project object */;
			proxyType = 1;
			remoteGlobalIDString = C506C4061C31F74F0060D182;
			remoteInfo = T17E2JuanGarcia;
		};
		C506C4271C31F74F0060D182 /* PBXContainerItemProxy */ = {
			isa = PBXContainerItemProxy;
			containerPortal = C506C3FF1C31F74E0060D182 /* Project object */;
			proxyType = 1;
			remoteGlobalIDString = C506C4061C31F74F0060D182;
			remoteInfo = T17E2JuanGarcia;
		};
/* End PBXContainerItemProxy section */

/* Begin PBXFileReference section */
		C506C4071C31F74F0060D182 /* T17E2JuanGarcia.app */ = {isa = PBXFileReference; explicitFileType = wrapper.application; includeInIndex = 0; path = T17E2JuanGarcia.app; sourceTree = BUILT_PRODUCTS_DIR; };
		C506C40A1C31F74F0060D182 /* AppDelegate.swift */ = {isa = PBXFileReference; lastKnownFileType = sourcecode.swift; path = AppDelegate.swift; sourceTree = "<group>"; };
		C506C40C1C31F74F0060D182 /* ViewController.swift */ = {isa = PBXFileReference; lastKnownFileType = sourcecode.swift; path = ViewController.swift; sourceTree = "<group>"; };
		C506C40F1C31F74F0060D182 /* Base */ = {isa = PBXFileReference; lastKnownFileType = file.storyboard; name = Base; path = Base.lproj/Main.storyboard; sourceTree = "<group>"; };
		C506C4111C31F74F0060D182 /* Assets.xcassets */ = {isa = PBXFileReference; lastKnownFileType = folder.assetcatalog; path = Assets.xcassets; sourceTree = "<group>"; };
		C506C4141C31F74F0060D182 /* Base */ = {isa = PBXFileReference; lastKnownFileType = file.storyboard; name = Base; path = Base.lproj/LaunchScreen.storyboard; sourceTree = "<group>"; };
		C506C4161C31F74F0060D182 /* Info.plist */ = {isa = PBXFileReference; lastKnownFileType = text.plist.xml; path = Info.plist; sourceTree = "<group>"; };
		C506C41B1C31F74F0060D182 /* T17E2JuanGarciaTests.xctest */ = {isa = PBXFileReference; explicitFileType = wrapper.cfbundle; includeInIndex = 0; path = T17E2JuanGarciaTests.xctest; sourceTree = BUILT_PRODUCTS_DIR; };
		C506C41F1C31F74F0060D182 /* T17E2JuanGarciaTests.swift */ = {isa = PBXFileReference; lastKnownFileType = sourcecode.swift; path = T17E2JuanGarciaTests.swift; sourceTree = "<group>"; };
		C506C4211C31F74F0060D182 /* Info.plist */ = {isa = PBXFileReference; lastKnownFileType = text.plist.xml; path = Info.plist; sourceTree = "<group>"; };
		C506C4261C31F74F0060D182 /* T17E2JuanGarciaUITests.xctest */ = {isa = PBXFileReference; explicitFileType = wrapper.cfbundle; includeInIndex = 0; path = T17E2JuanGarciaUITests.xctest; sourceTree = BUILT_PRODUCTS_DIR; };
		C506C42A1C31F74F0060D182 /* T17E2JuanGarciaUITests.swift */ = {isa = PBXFileReference; lastKnownFileType = sourcecode.swift; path = T17E2JuanGarciaUITests.swift; sourceTree = "<group>"; };
		C506C42C1C31F74F0060D182 /* Info.plist */ = {isa = PBXFileReference; lastKnownFileType = text.plist.xml; path = Info.plist; sourceTree = "<group>"; };
		C506C4381C31F7650060D182 /* Social.framework */ = {isa = PBXFileReference; lastKnownFileType = wrapper.framework; name = Social.framework; path = System/Library/Frameworks/Social.framework; sourceTree = SDKROOT; };
		C51883D11C398A66000815C0 /* im1.jpeg */ = {isa = PBXFileReference; lastKnownFileType = image.jpeg; path = im1.jpeg; sourceTree = "<group>"; };
/* End PBXFileReference section */

/* Begin PBXFrameworksBuildPhase section */
		C506C4041C31F74F0060D182 /* Frameworks */ = {
			isa = PBXFrameworksBuildPhase;
			buildActionMask = 2147483647;
			files = (
				C506C4391C31F7650060D182 /* Social.framework in Frameworks */,
			);
			runOnlyForDeploymentPostprocessing = 0;
		};
		C506C4181C31F74F0060D182 /* Frameworks */ = {
			isa = PBXFrameworksBuildPhase;
			buildActionMask = 2147483647;
			files = (
			);
			runOnlyForDeploymentPostprocessing = 0;
		};
		C506C4231C31F74F0060D182 /* Frameworks */ = {
			isa = PBXFrameworksBuildPhase;
			buildActionMask = 2147483647;
			files = (
			);
			runOnlyForDeploymentPostprocessing = 0;
		};
/* End PBXFrameworksBuildPhase section */

/* Begin PBXGroup section */
		C506C3FE1C31F74E0060D182 = {
			isa = PBXGroup;
			children = (
				C506C4381C31F7650060D182 /* Social.framework */,
				C506C4091C31F74F0060D182 /* T17E2JuanGarcia */,
				C506C41E1C31F74F0060D182 /* T17E2JuanGarciaTests */,
				C506C4291C31F74F0060D182 /* T17E2JuanGarciaUITests */,
				C506C4081C31F74F0060D182 /* Products */,
			);
			sourceTree = "<group>";
		};
		C506C4081C31F74F0060D182 /* Products */ = {
			isa = PBXGroup;
			children = (
				C506C4071C31F74F0060D182 /* T17E2JuanGarcia.app */,
				C506C41B1C31F74F0060D182 /* T17E2JuanGarciaTests.xctest */,
				C506C4261C31F74F0060D182 /* T17E2JuanGarciaUITests.xctest */,
			);
			name = Products;
			sourceTree = "<group>";
		};
		C506C4091C31F74F0060D182 /* T17E2JuanGarcia */ = {
			isa = PBXGroup;
			children = (
				C51883D11C398A66000815C0 /* im1.jpeg */,
				C506C40A1C31F74F0060D182 /* AppDelegate.swift */,
				C506C40C1C31F74F0060D182 /* ViewController.swift */,
				C506C40E1C31F74F0060D182 /* Main.storyboard */,
				C506C4111C31F74F0060D182 /* Assets.xcassets */,
				C506C4131C31F74F0060D182 /* LaunchScreen.storyboard */,
				C506C4161C31F74F0060D182 /* Info.plist */,
			);
			path = T17E2JuanGarcia;
			sourceTree = "<group>";
		};
		C506C41E1C31F74F0060D182 /* T17E2JuanGarciaTests */ = {
			isa = PBXGroup;
			children = (
				C506C41F1C31F74F0060D182 /* T17E2JuanGarciaTests.swift */,
				C506C4211C31F74F0060D182 /* Info.plist */,
			);
			path = T17E2JuanGarciaTests;
			sourceTree = "<group>";
		};
		C506C4291C31F74F0060D182 /* T17E2JuanGarciaUITests */ = {
			isa = PBXGroup;
			children = (
				C506C42A1C31F74F0060D182 /* T17E2JuanGarciaUITests.swift */,
				C506C42C1C31F74F0060D182 /* Info.plist */,
			);
			path = T17E2JuanGarciaUITests;
			sourceTree = "<group>";
		};
/* End PBXGroup section */

/* Begin PBXNativeTarget section */
		C506C4061C31F74F0060D182 /* T17E2JuanGarcia */ = {
			isa = PBXNativeTarget;
			buildConfigurationList = C506C42F1C31F74F0060D182 /* Build configuration list for PBXNativeTarget "T17E2JuanGarcia" */;
			buildPhases = (
				C506C4031C31F74F0060D182 /* Sources */,
				C506C4041C31F74F0060D182 /* Frameworks */,
				C506C4051C31F74F0060D182 /* Resources */,
			);
			buildRules = (
			);
			dependencies = (
			);
			name = T17E2JuanGarcia;
			productName = T17E2JuanGarcia;
			productReference = C506C4071C31F74F0060D182 /* T17E2JuanGarcia.app */;
			productType = "com.apple.product-type.application";
		};
		C506C41A1C31F74F0060D182 /* T17E2JuanGarciaTests */ = {
			isa = PBXNativeTarget;
			buildConfigurationList = C506C4321C31F74F0060D182 /* Build configuration list for PBXNativeTarget "T17E2JuanGarciaTests" */;
			buildPhases = (
				C506C4171C31F74F0060D182 /* Sources */,
				C506C4181C31F74F0060D182 /* Frameworks */,
				C506C4191C31F74F0060D182 /* Resources */,
			);
			buildRules = (
			);
			dependencies = (
				C506C41D1C31F74F0060D182 /* PBXTargetDependency */,
			);
			name = T17E2JuanGarciaTests;
			productName = T17E2JuanGarciaTests;
			productReference = C506C41B1C31F74F0060D182 /* T17E2JuanGarciaTests.xctest */;
			productType = "com.apple.product-type.bundle.unit-test";
		};
		C506C4251C31F74F0060D182 /* T17E2JuanGarciaUITests */ = {
			isa = PBXNativeTarget;
			buildConfigurationList = C506C4351C31F74F0060D182 /* Build configuration list for PBXNativeTarget "T17E2JuanGarciaUITests" */;
			buildPhases = (
				C506C4221C31F74F0060D182 /* Sources */,
				C506C4231C31F74F0060D182 /* Frameworks */,
				C506C4241C31F74F0060D182 /* Resources */,
			);
			buildRules = (
			);
			dependencies = (
				C506C4281C31F74F0060D182 /* PBXTargetDependency */,
			);
			name = T17E2JuanGarciaUITests;
			productName = T17E2JuanGarciaUITests;
			productReference = C506C4261C31F74F0060D182 /* T17E2JuanGarciaUITests.xctest */;
			productType = "com.apple.product-type.bundle.ui-testing";
		};
/* End PBXNativeTarget section */

/* Begin PBXProject section */
		C506C3FF1C31F74E0060D182 /* Project object */ = {
			isa = PBXProject;
			attributes = {
				LastSwiftUpdateCheck = 0720;
				LastUpgradeCheck = 0720;
				ORGANIZATIONNAME = jgd;
				TargetAttributes = {
					C506C4061C31F74F0060D182 = {
						CreatedOnToolsVersion = 7.2;
						DevelopmentTeam = MK6N6UHZRE;
					};
					C506C41A1C31F74F0060D182 = {
						CreatedOnToolsVersion = 7.2;
						DevelopmentTeam = MK6N6UHZRE;
						TestTargetID = C506C4061C31F74F0060D182;
					};
					C506C4251C31F74F0060D182 = {
						CreatedOnToolsVersion = 7.2;
						DevelopmentTeam = MK6N6UHZRE;
						TestTargetID = C506C4061C31F74F0060D182;
					};
				};
			};
			buildConfigurationList = C506C4021C31F74E0060D182 /* Build configuration list for PBXProject "T17E2JuanGarcia" */;
			compatibilityVersion = "Xcode 3.2";
			developmentRegion = English;
			hasScannedForEncodings = 0;
			knownRegions = (
				en,
				Base,
			);
			mainGroup = C506C3FE1C31F74E0060D182;
			productRefGroup = C506C4081C31F74F0060D182 /* Products */;
			projectDirPath = "";
			projectRoot = "";
			targets = (
				C506C4061C31F74F0060D182 /* T17E2JuanGarcia */,
				C506C41A1C31F74F0060D182 /* T17E2JuanGarciaTests */,
				C506C4251C31F74F0060D182 /* T17E2JuanGarciaUITests */,
			);
		};
/* End PBXProject section */

/* Begin PBXResourcesBuildPhase section */
		C506C4051C31F74F0060D182 /* Resources */ = {
			isa = PBXResourcesBuildPhase;
			buildActionMask = 2147483647;
			files = (
				C506C4151C31F74F0060D182 /* LaunchScreen.storyboard in Resources */,
				C506C4121C31F74F0060D182 /* Assets.xcassets in Resources */,
				C506C4101C31F74F0060D182 /* Main.storyboard in Resources */,
				C51883D21C398A66000815C0 /* im1.jpeg in Resources */,
			);
			runOnlyForDeploymentPostprocessing = 0;
		};
		C506C4191C31F74F0060D182 /* Resources */ = {
			isa = PBXResourcesBuildPhase;
			buildActionMask = 2147483647;
			files = (
			);
			runOnlyForDeploymentPostprocessing = 0;
		};
		C506C4241C31F74F0060D182 /* Resources */ = {
			isa = PBXResourcesBuildPhase;
			buildActionMask = 2147483647;
			files = (
			);
			runOnlyForDeploymentPostprocessing = 0;
		};
/* End PBXResourcesBuildPhase section */

/* Begin PBXSourcesBuildPhase section */
		C506C4031C31F74F0060D182 /* Sources */ = {
			isa = PBXSourcesBuildPhase;
			buildActionMask = 2147483647;
			files = (
				C506C40D1C31F74F0060D182 /* ViewController.swift in Sources */,
				C506C40B1C31F74F0060D182 /* AppDelegate.swift in Sources */,
			);
			runOnlyForDeploymentPostprocessing = 0;
		};
		C506C4171C31F74F0060D182 /* Sources */ = {
			isa = PBXSourcesBuildPhase;
			buildActionMask = 2147483647;
			files = (
				C506C4201C31F74F0060D182 /* T17E2JuanGarciaTests.swift in Sources */,
			);
			runOnlyForDeploymentPostprocessing = 0;
		};
		C506C4221C31F74F0060D182 /* Sources */ = {
			isa = PBXSourcesBuildPhase;
			buildActionMask = 2147483647;
			files = (
				C506C42B1C31F74F0060D182 /* T17E2JuanGarciaUITests.swift in Sources */,
			);
			runOnlyForDeploymentPostprocessing = 0;
		};
/* End PBXSourcesBuildPhase section */

/* Begin PBXTargetDependency section */
		C506C41D1C31F74F0060D182 /* PBXTargetDependency */ = {
			isa = PBXTargetDependency;
			target = C506C4061C31F74F0060D182 /* T17E2JuanGarcia */;
			targetProxy = C506C41C1C31F74F0060D182 /* PBXContainerItemProxy */;
		};
		C506C4281C31F74F0060D182 /* PBXTargetDependency */ = {
			isa = PBXTargetDependency;
			target = C506C4061C31F74F0060D182 /* T17E2JuanGarcia */;
			targetProxy = C506C4271C31F74F0060D182 /* PBXContainerItemProxy */;
		};
/* End PBXTargetDependency section */

/* Begin PBXVariantGroup section */
		C506C40E1C31F74F0060D182 /* Main.storyboard */ = {
			isa = PBXVariantGroup;
			children = (
				C506C40F1C31F74F0060D182 /* Base */,
			);
			name = Main.storyboard;
			sourceTree = "<group>";
		};
		C506C4131C31F74F0060D182 /* LaunchScreen.storyboard */ = {
			isa = PBXVariantGroup;
			children = (
				C506C4141C31F74F0060D182 /* Base */,
			);
			name = LaunchScreen.storyboard;
			sourceTree = "<group>";
		};
/* End PBXVariantGroup section */

/* Begin XCBuildConfiguration section */
		C506C42D1C31F74F0060D182 /* Debug */ = {
			isa = XCBuildConfiguration;
			buildSettings = {
				ALWAYS_SEARCH_USER_PATHS = NO;
				CLANG_CXX_LANGUAGE_STANDARD = "gnu++0x";
				CLANG_CXX_LIBRARY = "libc++";
				CLANG_ENABLE_MODULES = YES;
				CLANG_ENABLE_OBJC_ARC = YES;
				CLANG_WARN_BOOL_CONVERSION = YES;
				CLANG_WARN_CONSTANT_CONVERSION = YES;
				CLANG_WARN_DIRECT_OBJC_ISA_USAGE = YES_ERROR;
				CLANG_WARN_EMPTY_BODY = YES;
				CLANG_WARN_ENUM_CONVERSION = YES;
				CLANG_WARN_INT_CONVERSION = YES;
				CLANG_WARN_OBJC_ROOT_CLASS = YES_ERROR;
				CLANG_WARN_UNREACHABLE_CODE = YES;
				CLANG_WARN__DUPLICATE_METHOD_MATCH = YES;
				"CODE_SIGN_IDENTITY[sdk=iphoneos*]" = "iPhone Developer";
				COPY_PHASE_STRIP = NO;
				DEBUG_INFORMATION_FORMAT = dwarf;
				ENABLE_STRICT_OBJC_MSGSEND = YES;
				ENABLE_TESTABILITY = YES;
				GCC_C_LANGUAGE_STANDARD = gnu99;
				GCC_DYNAMIC_NO_PIC = NO;
				GCC_NO_COMMON_BLOCKS = YES;
				GCC_OPTIMIZATION_LEVEL = 0;
				GCC_PREPROCESSOR_DEFINITIONS = (
					"DEBUG=1",
					"$(inherited)",
				);
				GCC_WARN_64_TO_32_BIT_CONVERSION = YES;
				GCC_WARN_ABOUT_RETURN_TYPE = YES_ERROR;
				GCC_WARN_UNDECLARED_SELECTOR = YES;
				GCC_WARN_UNINITIALIZED_AUTOS = YES_AGGRESSIVE;
				GCC_WARN_UNUSED_FUNCTION = YES;
				GCC_WARN_UNUSED_VARIABLE = YES;
				IPHONEOS_DEPLOYMENT_TARGET = 9.2;
				MTL_ENABLE_DEBUG_INFO = YES;
				ONLY_ACTIVE_ARCH = YES;
				SDKROOT = iphoneos;
				SWIFT_OPTIMIZATION_LEVEL = "-Onone";
			};
			name = Debug;
		};
		C506C42E1C31F74F0060D182 /* Release */ = {
			isa = XCBuildConfiguration;
			buildSettings = {
				ALWAYS_SEARCH_USER_PATHS = NO;
				CLANG_CXX_LANGUAGE_STANDARD = "gnu++0x";
				CLANG_CXX_LIBRARY = "libc++";
				CLANG_ENABLE_MODULES = YES;
				CLANG_ENABLE_OBJC_ARC = YES;
				CLANG_WARN_BOOL_CONVERSION = YES;
				CLANG_WARN_CONSTANT_CONVERSION = YES;
				CLANG_WARN_DIRECT_OBJC_ISA_USAGE = YES_ERROR;
				CLANG_WARN_EMPTY_BODY = YES;
				CLANG_WARN_ENUM_CONVERSION = YES;
				CLANG_WARN_INT_CONVERSION = YES;
				CLANG_WARN_OBJC_ROOT_CLASS = YES_ERROR;
				CLANG_WARN_UNREACHABLE_CODE = YES;
				CLANG_WARN__DUPLICATE_METHOD_MATCH = YES;
				"CODE_SIGN_IDENTITY[sdk=iphoneos*]" = "iPhone Developer";
				COPY_PHASE_STRIP = NO;
				DEBUG_INFORMATION_FORMAT = "dwarf-with-dsym";
				ENABLE_NS_ASSERTIONS = NO;
				ENABLE_STRICT_OBJC_MSGSEND = YES;
				GCC_C_LANGUAGE_STANDARD = gnu99;
				GCC_NO_COMMON_BLOCKS = YES;
				GCC_WARN_64_TO_32_BIT_CONVERSION = YES;
				GCC_WARN_ABOUT_RETURN_TYPE = YES_ERROR;
				GCC_WARN_UNDECLARED_SELECTOR = YES;
				GCC_WARN_UNINITIALIZED_AUTOS = YES_AGGRESSIVE;
				GCC_WARN_UNUSED_FUNCTION = YES;
				GCC_WARN_UNUSED_VARIABLE = YES;
				IPHONEOS_DEPLOYMENT_TARGET = 9.2;
				MTL_ENABLE_DEBUG_INFO = NO;
				SDKROOT = iphoneos;
				VALIDATE_PRODUCT = YES;
			};
			name = Release;
		};
		C506C4301C31F74F0060D182 /* Debug */ = {
			isa = XCBuildConfiguration;
			buildSettings = {
				ASSETCATALOG_COMPILER_APPICON_NAME = AppIcon;
				INFOPLIST_FILE = T17E2JuanGarcia/Info.plist;
				LD_RUNPATH_SEARCH_PATHS = "$(inherited) @executable_path/Frameworks";
				PRODUCT_BUNDLE_IDENTIFIER = com.juangarcia.T17E2JuanGarcia;
				PRODUCT_NAME = "$(TARGET_NAME)";
			};
			name = Debug;
		};
		C506C4311C31F74F0060D182 /* Release */ = {
			isa = XCBuildConfiguration;
			buildSettings = {
				ASSETCATALOG_COMPILER_APPICON_NAME = AppIcon;
				INFOPLIST_FILE = T17E2JuanGarcia/Info.plist;
				LD_RUNPATH_SEARCH_PATHS = "$(inherited) @executable_path/Frameworks";
				PRODUCT_BUNDLE_IDENTIFIER = com.juangarcia.T17E2JuanGarcia;
				PRODUCT_NAME = "$(TARGET_NAME)";
			};
			name = Release;
		};
		C506C4331C31F74F0060D182 /* Debug */ = {
			isa = XCBuildConfiguration;
			buildSettings = {
				BUNDLE_LOADER = "$(TEST_HOST)";
				INFOPLIST_FILE = T17E2JuanGarciaTests/Info.plist;
				LD_RUNPATH_SEARCH_PATHS = "$(inherited) @executable_path/Frameworks @loader_path/Frameworks";
				PRODUCT_BUNDLE_IDENTIFIER = com.juangarcia.T17E2JuanGarciaTests;
				PRODUCT_NAME = "$(TARGET_NAME)";
				TEST_HOST = "$(BUILT_PRODUCTS_DIR)/T17E2JuanGarcia.app/T17E2JuanGarcia";
			};
			name = Debug;
		};
		C506C4341C31F74F0060D182 /* Release */ = {
			isa = XCBuildConfiguration;
			buildSettings = {
				BUNDLE_LOADER = "$(TEST_HOST)";
				INFOPLIST_FILE = T17E2JuanGarciaTests/Info.plist;
				LD_RUNPATH_SEARCH_PATHS = "$(inherited) @executable_path/Frameworks @loader_path/Frameworks";
				PRODUCT_BUNDLE_IDENTIFIER = com.juangarcia.T17E2JuanGarciaTests;
				PRODUCT_NAME = "$(TARGET_NAME)";
				TEST_HOST = "$(BUILT_PRODUCTS_DIR)/T17E2JuanGarcia.app/T17E2JuanGarcia";
			};
			name = Release;
		};
		C506C4361C31F74F0060D182 /* Debug */ = {
			isa = XCBuildConfiguration;
			buildSettings = {
				INFOPLIST_FILE = T17E2JuanGarciaUITests/Info.plist;
				LD_RUNPATH_SEARCH_PATHS = "$(inherited) @executable_path/Frameworks @loader_path/Frameworks";
				PRODUCT_BUNDLE_IDENTIFIER = com.juangarcia.T17E2JuanGarciaUITests;
				PRODUCT_NAME = "$(TARGET_NAME)";
				TEST_TARGET_NAME = T17E2JuanGarcia;
				USES_XCTRUNNER = YES;
			};
			name = Debug;
		};
		C506C4371C31F74F0060D182 /* Release */ = {
			isa = XCBuildConfiguration;
			buildSettings = {
				INFOPLIST_FILE = T17E2JuanGarciaUITests/Info.plist;
				LD_RUNPATH_SEARCH_PATHS = "$(inherited) @executable_path/Frameworks @loader_path/Frameworks";
				PRODUCT_BUNDLE_IDENTIFIER = com.juangarcia.T17E2JuanGarciaUITests;
				PRODUCT_NAME = "$(TARGET_NAME)";
				TEST_TARGET_NAME = T17E2JuanGarcia;
				USES_XCTRUNNER = YES;
			};
			name = Release;
		};
/* End XCBuildConfiguration section */

/* Begin XCConfigurationList section */
		C506C4021C31F74E0060D182 /* Build configuration list for PBXProject "T17E2JuanGarcia" */ = {
			isa = XCConfigurationList;
			buildConfigurations = (
				C506C42D1C31F74F0060D182 /* Debug */,
				C506C42E1C31F74F0060D182 /* Release */,
			);
			defaultConfigurationIsVisible = 0;
			defaultConfigurationName = Release;
		};
		C506C42F1C31F74F0060D182 /* Build configuration list for PBXNativeTarget "T17E2JuanGarcia" */ = {
			isa = XCConfigurationList;
			buildConfigurations = (
				C506C4301C31F74F0060D182 /* Debug */,
				C506C4311C31F74F0060D182 /* Release */,
			);
			defaultConfigurationIsVisible = 0;
			defaultConfigurationName = Release;
		};
		C506C4321C31F74F0060D182 /* Build configuration list for PBXNativeTarget "T17E2JuanGarciaTests" */ = {
			isa = XCConfigurationList;
			buildConfigurations = (
				C506C4331C31F74F0060D182 /* Debug */,
				C506C4341C31F74F0060D182 /* Release */,
			);
			defaultConfigurationIsVisible = 0;
			defaultConfigurationName = Release;
		};
		C506C4351C31F74F0060D182 /* Build configuration list for PBXNativeTarget "T17E2JuanGarciaUITests" */ = {
			isa = XCConfigurationList;
			buildConfigurations = (
				C506C4361C31F74F0060D182 /* Debug */,
				C506C4371C31F74F0060D182 /* Release */,
			);
			defaultConfigurationIsVisible = 0;
			defaultConfigurationName = Release;
		};
/* End XCConfigurationList section */
	};
	rootObject = C506C3FF1C31F74E0060D182 /* Project object */;
}
