// !$*UTF8*$!
{
	archiveVersion = 1;
	classes = {
	};
	objectVersion = 46;
	objects = {

/* Begin PBXBuildFile section */
		C50792101B5AC2D50041806B /* AppDelegate.swift in Sources */ = {isa = PBXBuildFile; fileRef = C507920F1B5AC2D50041806B /* AppDelegate.swift */; };
		C50792121B5AC2D50041806B /* ViewController.swift in Sources */ = {isa = PBXBuildFile; fileRef = C50792111B5AC2D50041806B /* ViewController.swift */; };
		C50792151B5AC2D50041806B /* Main.storyboard in Resources */ = {isa = PBXBuildFile; fileRef = C50792131B5AC2D50041806B /* Main.storyboard */; };
		C50792171B5AC2D50041806B /* Images.xcassets in Resources */ = {isa = PBXBuildFile; fileRef = C50792161B5AC2D50041806B /* Images.xcassets */; };
		C507921A1B5AC2D50041806B /* LaunchScreen.xib in Resources */ = {isa = PBXBuildFile; fileRef = C50792181B5AC2D50041806B /* LaunchScreen.xib */; };
		C50792261B5AC2D60041806B /* T6E2JuanGarciaTests.swift in Sources */ = {isa = PBXBuildFile; fileRef = C50792251B5AC2D60041806B /* T6E2JuanGarciaTests.swift */; };
		C50792331B5AC4110041806B /* ams.png in Resources */ = {isa = PBXBuildFile; fileRef = C50792301B5AC4110041806B /* ams.png */; };
		C50792341B5AC4110041806B /* dub.png in Resources */ = {isa = PBXBuildFile; fileRef = C50792311B5AC4110041806B /* dub.png */; };
		C50792351B5AC4110041806B /* lon.png in Resources */ = {isa = PBXBuildFile; fileRef = C50792321B5AC4110041806B /* lon.png */; };
/* End PBXBuildFile section */

/* Begin PBXContainerItemProxy section */
		C50792201B5AC2D60041806B /* PBXContainerItemProxy */ = {
			isa = PBXContainerItemProxy;
			containerPortal = C50792021B5AC2D50041806B /* Project object */;
			proxyType = 1;
			remoteGlobalIDString = C50792091B5AC2D50041806B;
			remoteInfo = T6E2JuanGarcia;
		};
/* End PBXContainerItemProxy section */

/* Begin PBXFileReference section */
		C507920A1B5AC2D50041806B /* T6E2JuanGarcia.app */ = {isa = PBXFileReference; explicitFileType = wrapper.application; includeInIndex = 0; path = T6E2JuanGarcia.app; sourceTree = BUILT_PRODUCTS_DIR; };
		C507920E1B5AC2D50041806B /* Info.plist */ = {isa = PBXFileReference; lastKnownFileType = text.plist.xml; path = Info.plist; sourceTree = "<group>"; };
		C507920F1B5AC2D50041806B /* AppDelegate.swift */ = {isa = PBXFileReference; lastKnownFileType = sourcecode.swift; path = AppDelegate.swift; sourceTree = "<group>"; };
		C50792111B5AC2D50041806B /* ViewController.swift */ = {isa = PBXFileReference; lastKnownFileType = sourcecode.swift; path = ViewController.swift; sourceTree = "<group>"; };
		C50792141B5AC2D50041806B /* Base */ = {isa = PBXFileReference; lastKnownFileType = file.storyboard; name = Base; path = Base.lproj/Main.storyboard; sourceTree = "<group>"; };
		C50792161B5AC2D50041806B /* Images.xcassets */ = {isa = PBXFileReference; lastKnownFileType = folder.assetcatalog; path = Images.xcassets; sourceTree = "<group>"; };
		C50792191B5AC2D50041806B /* Base */ = {isa = PBXFileReference; lastKnownFileType = file.xib; name = Base; path = Base.lproj/LaunchScreen.xib; sourceTree = "<group>"; };
		C507921F1B5AC2D60041806B /* T6E2JuanGarciaTests.xctest */ = {isa = PBXFileReference; explicitFileType = wrapper.cfbundle; includeInIndex = 0; path = T6E2JuanGarciaTests.xctest; sourceTree = BUILT_PRODUCTS_DIR; };
		C50792241B5AC2D60041806B /* Info.plist */ = {isa = PBXFileReference; lastKnownFileType = text.plist.xml; path = Info.plist; sourceTree = "<group>"; };
		C50792251B5AC2D60041806B /* T6E2JuanGarciaTests.swift */ = {isa = PBXFileReference; lastKnownFileType = sourcecode.swift; path = T6E2JuanGarciaTests.swift; sourceTree = "<group>"; };
		C50792301B5AC4110041806B /* ams.png */ = {isa = PBXFileReference; lastKnownFileType = image.png; path = ams.png; sourceTree = "<group>"; };
		C50792311B5AC4110041806B /* dub.png */ = {isa = PBXFileReference; lastKnownFileType = image.png; path = dub.png; sourceTree = "<group>"; };
		C50792321B5AC4110041806B /* lon.png */ = {isa = PBXFileReference; lastKnownFileType = image.png; path = lon.png; sourceTree = "<group>"; };
/* End PBXFileReference section */

/* Begin PBXFrameworksBuildPhase section */
		C50792071B5AC2D50041806B /* Frameworks */ = {
			isa = PBXFrameworksBuildPhase;
			buildActionMask = 2147483647;
			files = (
			);
			runOnlyForDeploymentPostprocessing = 0;
		};
		C507921C1B5AC2D60041806B /* Frameworks */ = {
			isa = PBXFrameworksBuildPhase;
			buildActionMask = 2147483647;
			files = (
			);
			runOnlyForDeploymentPostprocessing = 0;
		};
/* End PBXFrameworksBuildPhase section */

/* Begin PBXGroup section */
		C50792011B5AC2D50041806B = {
			isa = PBXGroup;
			children = (
				C507920C1B5AC2D50041806B /* T6E2JuanGarcia */,
				C50792221B5AC2D60041806B /* T6E2JuanGarciaTests */,
				C507920B1B5AC2D50041806B /* Products */,
			);
			sourceTree = "<group>";
		};
		C507920B1B5AC2D50041806B /* Products */ = {
			isa = PBXGroup;
			children = (
				C507920A1B5AC2D50041806B /* T6E2JuanGarcia.app */,
				C507921F1B5AC2D60041806B /* T6E2JuanGarciaTests.xctest */,
			);
			name = Products;
			sourceTree = "<group>";
		};
		C507920C1B5AC2D50041806B /* T6E2JuanGarcia */ = {
			isa = PBXGroup;
			children = (
				C507922F1B5AC3E70041806B /* artwork */,
				C507920F1B5AC2D50041806B /* AppDelegate.swift */,
				C50792111B5AC2D50041806B /* ViewController.swift */,
				C50792131B5AC2D50041806B /* Main.storyboard */,
				C50792161B5AC2D50041806B /* Images.xcassets */,
				C50792181B5AC2D50041806B /* LaunchScreen.xib */,
				C507920D1B5AC2D50041806B /* Supporting Files */,
			);
			path = T6E2JuanGarcia;
			sourceTree = "<group>";
		};
		C507920D1B5AC2D50041806B /* Supporting Files */ = {
			isa = PBXGroup;
			children = (
				C507920E1B5AC2D50041806B /* Info.plist */,
			);
			name = "Supporting Files";
			sourceTree = "<group>";
		};
		C50792221B5AC2D60041806B /* T6E2JuanGarciaTests */ = {
			isa = PBXGroup;
			children = (
				C50792251B5AC2D60041806B /* T6E2JuanGarciaTests.swift */,
				C50792231B5AC2D60041806B /* Supporting Files */,
			);
			path = T6E2JuanGarciaTests;
			sourceTree = "<group>";
		};
		C50792231B5AC2D60041806B /* Supporting Files */ = {
			isa = PBXGroup;
			children = (
				C50792241B5AC2D60041806B /* Info.plist */,
			);
			name = "Supporting Files";
			sourceTree = "<group>";
		};
		C507922F1B5AC3E70041806B /* artwork */ = {
			isa = PBXGroup;
			children = (
				C50792301B5AC4110041806B /* ams.png */,
				C50792311B5AC4110041806B /* dub.png */,
				C50792321B5AC4110041806B /* lon.png */,
			);
			name = artwork;
			path = ../artwork;
			sourceTree = "<group>";
		};
/* End PBXGroup section */

/* Begin PBXNativeTarget section */
		C50792091B5AC2D50041806B /* T6E2JuanGarcia */ = {
			isa = PBXNativeTarget;
			buildConfigurationList = C50792291B5AC2D60041806B /* Build configuration list for PBXNativeTarget "T6E2JuanGarcia" */;
			buildPhases = (
				C50792061B5AC2D50041806B /* Sources */,
				C50792071B5AC2D50041806B /* Frameworks */,
				C50792081B5AC2D50041806B /* Resources */,
			);
			buildRules = (
			);
			dependencies = (
			);
			name = T6E2JuanGarcia;
			productName = T6E2JuanGarcia;
			productReference = C507920A1B5AC2D50041806B /* T6E2JuanGarcia.app */;
			productType = "com.apple.product-type.application";
		};
		C507921E1B5AC2D60041806B /* T6E2JuanGarciaTests */ = {
			isa = PBXNativeTarget;
			buildConfigurationList = C507922C1B5AC2D60041806B /* Build configuration list for PBXNativeTarget "T6E2JuanGarciaTests" */;
			buildPhases = (
				C507921B1B5AC2D60041806B /* Sources */,
				C507921C1B5AC2D60041806B /* Frameworks */,
				C507921D1B5AC2D60041806B /* Resources */,
			);
			buildRules = (
			);
			dependencies = (
				C50792211B5AC2D60041806B /* PBXTargetDependency */,
			);
			name = T6E2JuanGarciaTests;
			productName = T6E2JuanGarciaTests;
			productReference = C507921F1B5AC2D60041806B /* T6E2JuanGarciaTests.xctest */;
			productType = "com.apple.product-type.bundle.unit-test";
		};
/* End PBXNativeTarget section */

/* Begin PBXProject section */
		C50792021B5AC2D50041806B /* Project object */ = {
			isa = PBXProject;
			attributes = {
				LastSwiftUpdateCheck = 0710;
				LastUpgradeCheck = 0640;
				ORGANIZATIONNAME = jgd;
				TargetAttributes = {
					C50792091B5AC2D50041806B = {
						CreatedOnToolsVersion = 6.4;
						DevelopmentTeam = MK6N6UHZRE;
					};
					C507921E1B5AC2D60041806B = {
						CreatedOnToolsVersion = 6.4;
						TestTargetID = C50792091B5AC2D50041806B;
					};
				};
			};
			buildConfigurationList = C50792051B5AC2D50041806B /* Build configuration list for PBXProject "T6E2JuanGarcia" */;
			compatibilityVersion = "Xcode 3.2";
			developmentRegion = English;
			hasScannedForEncodings = 0;
			knownRegions = (
				en,
				Base,
			);
			mainGroup = C50792011B5AC2D50041806B;
			productRefGroup = C507920B1B5AC2D50041806B /* Products */;
			projectDirPath = "";
			projectRoot = "";
			targets = (
				C50792091B5AC2D50041806B /* T6E2JuanGarcia */,
				C507921E1B5AC2D60041806B /* T6E2JuanGarciaTests */,
			);
		};
/* End PBXProject section */

/* Begin PBXResourcesBuildPhase section */
		C50792081B5AC2D50041806B /* Resources */ = {
			isa = PBXResourcesBuildPhase;
			buildActionMask = 2147483647;
			files = (
				C50792151B5AC2D50041806B /* Main.storyboard in Resources */,
				C507921A1B5AC2D50041806B /* LaunchScreen.xib in Resources */,
				C50792171B5AC2D50041806B /* Images.xcassets in Resources */,
				C50792351B5AC4110041806B /* lon.png in Resources */,
				C50792331B5AC4110041806B /* ams.png in Resources */,
				C50792341B5AC4110041806B /* dub.png in Resources */,
			);
			runOnlyForDeploymentPostprocessing = 0;
		};
		C507921D1B5AC2D60041806B /* Resources */ = {
			isa = PBXResourcesBuildPhase;
			buildActionMask = 2147483647;
			files = (
			);
			runOnlyForDeploymentPostprocessing = 0;
		};
/* End PBXResourcesBuildPhase section */

/* Begin PBXSourcesBuildPhase section */
		C50792061B5AC2D50041806B /* Sources */ = {
			isa = PBXSourcesBuildPhase;
			buildActionMask = 2147483647;
			files = (
				C50792121B5AC2D50041806B /* ViewController.swift in Sources */,
				C50792101B5AC2D50041806B /* AppDelegate.swift in Sources */,
			);
			runOnlyForDeploymentPostprocessing = 0;
		};
		C507921B1B5AC2D60041806B /* Sources */ = {
			isa = PBXSourcesBuildPhase;
			buildActionMask = 2147483647;
			files = (
				C50792261B5AC2D60041806B /* T6E2JuanGarciaTests.swift in Sources */,
			);
			runOnlyForDeploymentPostprocessing = 0;
		};
/* End PBXSourcesBuildPhase section */

/* Begin PBXTargetDependency section */
		C50792211B5AC2D60041806B /* PBXTargetDependency */ = {
			isa = PBXTargetDependency;
			target = C50792091B5AC2D50041806B /* T6E2JuanGarcia */;
			targetProxy = C50792201B5AC2D60041806B /* PBXContainerItemProxy */;
		};
/* End PBXTargetDependency section */

/* Begin PBXVariantGroup section */
		C50792131B5AC2D50041806B /* Main.storyboard */ = {
			isa = PBXVariantGroup;
			children = (
				C50792141B5AC2D50041806B /* Base */,
			);
			name = Main.storyboard;
			sourceTree = "<group>";
		};
		C50792181B5AC2D50041806B /* LaunchScreen.xib */ = {
			isa = PBXVariantGroup;
			children = (
				C50792191B5AC2D50041806B /* Base */,
			);
			name = LaunchScreen.xib;
			sourceTree = "<group>";
		};
/* End PBXVariantGroup section */

/* Begin XCBuildConfiguration section */
		C50792271B5AC2D60041806B /* Debug */ = {
			isa = XCBuildConfiguration;
			buildSettings = {
				ALWAYS_SEARCH_USER_PATHS = NO;
				CLANG_CXX_LANGUAGE_STANDARD = "gnu++0x";
				CLANG_CXX_LIBRARY = "libc++";
				CLANG_ENABLE_MODULES = YES;
				CLANG_ENABLE_OBJC_ARC = YES;
				CLANG_WARN_BOOL_CONVERSION = YES;
				CLANG_WARN_CONSTANT_CONVERSION = YES;
				CLANG_WARN_DIRECT_OBJC_ISA_USAGE = YES_ERROR;
				CLANG_WARN_EMPTY_BODY = YES;
				CLANG_WARN_ENUM_CONVERSION = YES;
				CLANG_WARN_INT_CONVERSION = YES;
				CLANG_WARN_OBJC_ROOT_CLASS = YES_ERROR;
				CLANG_WARN_UNREACHABLE_CODE = YES;
				CLANG_WARN__DUPLICATE_METHOD_MATCH = YES;
				"CODE_SIGN_IDENTITY[sdk=iphoneos*]" = "iPhone Developer";
				COPY_PHASE_STRIP = NO;
				DEBUG_INFORMATION_FORMAT = "dwarf-with-dsym";
				ENABLE_STRICT_OBJC_MSGSEND = YES;
				GCC_C_LANGUAGE_STANDARD = gnu99;
				GCC_DYNAMIC_NO_PIC = NO;
				GCC_NO_COMMON_BLOCKS = YES;
				GCC_OPTIMIZATION_LEVEL = 0;
				GCC_PREPROCESSOR_DEFINITIONS = (
					"DEBUG=1",
					"$(inherited)",
				);
				GCC_SYMBOLS_PRIVATE_EXTERN = NO;
				GCC_WARN_64_TO_32_BIT_CONVERSION = YES;
				GCC_WARN_ABOUT_RETURN_TYPE = YES_ERROR;
				GCC_WARN_UNDECLARED_SELECTOR = YES;
				GCC_WARN_UNINITIALIZED_AUTOS = YES_AGGRESSIVE;
				GCC_WARN_UNUSED_FUNCTION = YES;
				GCC_WARN_UNUSED_VARIABLE = YES;
				IPHONEOS_DEPLOYMENT_TARGET = 8.4;
				MTL_ENABLE_DEBUG_INFO = YES;
				ONLY_ACTIVE_ARCH = YES;
				SDKROOT = iphoneos;
				SWIFT_OPTIMIZATION_LEVEL = "-Onone";
			};
			name = Debug;
		};
		C50792281B5AC2D60041806B /* Release */ = {
			isa = XCBuildConfiguration;
			buildSettings = {
				ALWAYS_SEARCH_USER_PATHS = NO;
				CLANG_CXX_LANGUAGE_STANDARD = "gnu++0x";
				CLANG_CXX_LIBRARY = "libc++";
				CLANG_ENABLE_MODULES = YES;
				CLANG_ENABLE_OBJC_ARC = YES;
				CLANG_WARN_BOOL_CONVERSION = YES;
				CLANG_WARN_CONSTANT_CONVERSION = YES;
				CLANG_WARN_DIRECT_OBJC_ISA_USAGE = YES_ERROR;
				CLANG_WARN_EMPTY_BODY = YES;
				CLANG_WARN_ENUM_CONVERSION = YES;
				CLANG_WARN_INT_CONVERSION = YES;
				CLANG_WARN_OBJC_ROOT_CLASS = YES_ERROR;
				CLANG_WARN_UNREACHABLE_CODE = YES;
				CLANG_WARN__DUPLICATE_METHOD_MATCH = YES;
				"CODE_SIGN_IDENTITY[sdk=iphoneos*]" = "iPhone Developer";
				COPY_PHASE_STRIP = NO;
				DEBUG_INFORMATION_FORMAT = "dwarf-with-dsym";
				ENABLE_NS_ASSERTIONS = NO;
				ENABLE_STRICT_OBJC_MSGSEND = YES;
				GCC_C_LANGUAGE_STANDARD = gnu99;
				GCC_NO_COMMON_BLOCKS = YES;
				GCC_WARN_64_TO_32_BIT_CONVERSION = YES;
				GCC_WARN_ABOUT_RETURN_TYPE = YES_ERROR;
				GCC_WARN_UNDECLARED_SELECTOR = YES;
				GCC_WARN_UNINITIALIZED_AUTOS = YES_AGGRESSIVE;
				GCC_WARN_UNUSED_FUNCTION = YES;
				GCC_WARN_UNUSED_VARIABLE = YES;
				IPHONEOS_DEPLOYMENT_TARGET = 8.4;
				MTL_ENABLE_DEBUG_INFO = NO;
				SDKROOT = iphoneos;
				VALIDATE_PRODUCT = YES;
			};
			name = Release;
		};
		C507922A1B5AC2D60041806B /* Debug */ = {
			isa = XCBuildConfiguration;
			buildSettings = {
				ASSETCATALOG_COMPILER_APPICON_NAME = AppIcon;
				CODE_SIGN_IDENTITY = "iPhone Developer";
				"CODE_SIGN_IDENTITY[sdk=iphoneos*]" = "iPhone Developer";
				INFOPLIST_FILE = T6E2JuanGarcia/Info.plist;
				LD_RUNPATH_SEARCH_PATHS = "$(inherited) @executable_path/Frameworks";
				PRODUCT_NAME = "$(TARGET_NAME)";
				PROVISIONING_PROFILE = "";
			};
			name = Debug;
		};
		C507922B1B5AC2D60041806B /* Release */ = {
			isa = XCBuildConfiguration;
			buildSettings = {
				ASSETCATALOG_COMPILER_APPICON_NAME = AppIcon;
				CODE_SIGN_IDENTITY = "iPhone Developer";
				"CODE_SIGN_IDENTITY[sdk=iphoneos*]" = "iPhone Developer";
				INFOPLIST_FILE = T6E2JuanGarcia/Info.plist;
				LD_RUNPATH_SEARCH_PATHS = "$(inherited) @executable_path/Frameworks";
				PRODUCT_NAME = "$(TARGET_NAME)";
				PROVISIONING_PROFILE = "";
			};
			name = Release;
		};
		C507922D1B5AC2D60041806B /* Debug */ = {
			isa = XCBuildConfiguration;
			buildSettings = {
				BUNDLE_LOADER = "$(TEST_HOST)";
				FRAMEWORK_SEARCH_PATHS = (
					"$(SDKROOT)/Developer/Library/Frameworks",
					"$(inherited)",
				);
				GCC_PREPROCESSOR_DEFINITIONS = (
					"DEBUG=1",
					"$(inherited)",
				);
				INFOPLIST_FILE = T6E2JuanGarciaTests/Info.plist;
				LD_RUNPATH_SEARCH_PATHS = "$(inherited) @executable_path/Frameworks @loader_path/Frameworks";
				PRODUCT_NAME = "$(TARGET_NAME)";
				TEST_HOST = "$(BUILT_PRODUCTS_DIR)/T6E2JuanGarcia.app/T6E2JuanGarcia";
			};
			name = Debug;
		};
		C507922E1B5AC2D60041806B /* Release */ = {
			isa = XCBuildConfiguration;
			buildSettings = {
				BUNDLE_LOADER = "$(TEST_HOST)";
				FRAMEWORK_SEARCH_PATHS = (
					"$(SDKROOT)/Developer/Library/Frameworks",
					"$(inherited)",
				);
				INFOPLIST_FILE = T6E2JuanGarciaTests/Info.plist;
				LD_RUNPATH_SEARCH_PATHS = "$(inherited) @executable_path/Frameworks @loader_path/Frameworks";
				PRODUCT_NAME = "$(TARGET_NAME)";
				TEST_HOST = "$(BUILT_PRODUCTS_DIR)/T6E2JuanGarcia.app/T6E2JuanGarcia";
			};
			name = Release;
		};
/* End XCBuildConfiguration section */

/* Begin XCConfigurationList section */
		C50792051B5AC2D50041806B /* Build configuration list for PBXProject "T6E2JuanGarcia" */ = {
			isa = XCConfigurationList;
			buildConfigurations = (
				C50792271B5AC2D60041806B /* Debug */,
				C50792281B5AC2D60041806B /* Release */,
			);
			defaultConfigurationIsVisible = 0;
			defaultConfigurationName = Release;
		};
		C50792291B5AC2D60041806B /* Build configuration list for PBXNativeTarget "T6E2JuanGarcia" */ = {
			isa = XCConfigurationList;
			buildConfigurations = (
				C507922A1B5AC2D60041806B /* Debug */,
				C507922B1B5AC2D60041806B /* Release */,
			);
			defaultConfigurationIsVisible = 0;
			defaultConfigurationName = Release;
		};
		C507922C1B5AC2D60041806B /* Build configuration list for PBXNativeTarget "T6E2JuanGarciaTests" */ = {
			isa = XCConfigurationList;
			buildConfigurations = (
				C507922D1B5AC2D60041806B /* Debug */,
				C507922E1B5AC2D60041806B /* Release */,
			);
			defaultConfigurationIsVisible = 0;
			defaultConfigurationName = Release;
		};
/* End XCConfigurationList section */
	};
	rootObject = C50792021B5AC2D50041806B /* Project object */;
}
