// !$*UTF8*$!
{
	archiveVersion = 1;
	classes = {
	};
	objectVersion = 46;
	objects = {

/* Begin PBXBuildFile section */
		C541481E1B5BB0BE0095053B /* AppDelegate.swift in Sources */ = {isa = PBXBuildFile; fileRef = C541481D1B5BB0BE0095053B /* AppDelegate.swift */; };
		C54148201B5BB0BE0095053B /* ViewController.swift in Sources */ = {isa = PBXBuildFile; fileRef = C541481F1B5BB0BE0095053B /* ViewController.swift */; };
		C54148231B5BB0BE0095053B /* Main.storyboard in Resources */ = {isa = PBXBuildFile; fileRef = C54148211B5BB0BE0095053B /* Main.storyboard */; };
		C54148251B5BB0BE0095053B /* Images.xcassets in Resources */ = {isa = PBXBuildFile; fileRef = C54148241B5BB0BE0095053B /* Images.xcassets */; };
		C54148281B5BB0BE0095053B /* LaunchScreen.xib in Resources */ = {isa = PBXBuildFile; fileRef = C54148261B5BB0BE0095053B /* LaunchScreen.xib */; };
		C54148341B5BB0BF0095053B /* T7E1JuanGarciaTests.swift in Sources */ = {isa = PBXBuildFile; fileRef = C54148331B5BB0BF0095053B /* T7E1JuanGarciaTests.swift */; };
		C541483E1B5BB20E0095053B /* ams.png in Resources */ = {isa = PBXBuildFile; fileRef = C541483D1B5BB20E0095053B /* ams.png */; };
/* End PBXBuildFile section */

/* Begin PBXContainerItemProxy section */
		C541482E1B5BB0BF0095053B /* PBXContainerItemProxy */ = {
			isa = PBXContainerItemProxy;
			containerPortal = C54148101B5BB0BE0095053B /* Project object */;
			proxyType = 1;
			remoteGlobalIDString = C54148171B5BB0BE0095053B;
			remoteInfo = T7E1JuanGarcia;
		};
/* End PBXContainerItemProxy section */

/* Begin PBXFileReference section */
		C54148181B5BB0BE0095053B /* T7E1JuanGarcia.app */ = {isa = PBXFileReference; explicitFileType = wrapper.application; includeInIndex = 0; path = T7E1JuanGarcia.app; sourceTree = BUILT_PRODUCTS_DIR; };
		C541481C1B5BB0BE0095053B /* Info.plist */ = {isa = PBXFileReference; lastKnownFileType = text.plist.xml; path = Info.plist; sourceTree = "<group>"; };
		C541481D1B5BB0BE0095053B /* AppDelegate.swift */ = {isa = PBXFileReference; lastKnownFileType = sourcecode.swift; path = AppDelegate.swift; sourceTree = "<group>"; };
		C541481F1B5BB0BE0095053B /* ViewController.swift */ = {isa = PBXFileReference; lastKnownFileType = sourcecode.swift; path = ViewController.swift; sourceTree = "<group>"; };
		C54148221B5BB0BE0095053B /* Base */ = {isa = PBXFileReference; lastKnownFileType = file.storyboard; name = Base; path = Base.lproj/Main.storyboard; sourceTree = "<group>"; };
		C54148241B5BB0BE0095053B /* Images.xcassets */ = {isa = PBXFileReference; lastKnownFileType = folder.assetcatalog; path = Images.xcassets; sourceTree = "<group>"; };
		C54148271B5BB0BE0095053B /* Base */ = {isa = PBXFileReference; lastKnownFileType = file.xib; name = Base; path = Base.lproj/LaunchScreen.xib; sourceTree = "<group>"; };
		C541482D1B5BB0BF0095053B /* T7E1JuanGarciaTests.xctest */ = {isa = PBXFileReference; explicitFileType = wrapper.cfbundle; includeInIndex = 0; path = T7E1JuanGarciaTests.xctest; sourceTree = BUILT_PRODUCTS_DIR; };
		C54148321B5BB0BF0095053B /* Info.plist */ = {isa = PBXFileReference; lastKnownFileType = text.plist.xml; path = Info.plist; sourceTree = "<group>"; };
		C54148331B5BB0BF0095053B /* T7E1JuanGarciaTests.swift */ = {isa = PBXFileReference; lastKnownFileType = sourcecode.swift; path = T7E1JuanGarciaTests.swift; sourceTree = "<group>"; };
		C541483D1B5BB20E0095053B /* ams.png */ = {isa = PBXFileReference; lastKnownFileType = image.png; path = ams.png; sourceTree = "<group>"; };
/* End PBXFileReference section */

/* Begin PBXFrameworksBuildPhase section */
		C54148151B5BB0BE0095053B /* Frameworks */ = {
			isa = PBXFrameworksBuildPhase;
			buildActionMask = 2147483647;
			files = (
			);
			runOnlyForDeploymentPostprocessing = 0;
		};
		C541482A1B5BB0BF0095053B /* Frameworks */ = {
			isa = PBXFrameworksBuildPhase;
			buildActionMask = 2147483647;
			files = (
			);
			runOnlyForDeploymentPostprocessing = 0;
		};
/* End PBXFrameworksBuildPhase section */

/* Begin PBXGroup section */
		C541480F1B5BB0BE0095053B = {
			isa = PBXGroup;
			children = (
				C541481A1B5BB0BE0095053B /* T7E1JuanGarcia */,
				C54148301B5BB0BF0095053B /* T7E1JuanGarciaTests */,
				C54148191B5BB0BE0095053B /* Products */,
			);
			sourceTree = "<group>";
		};
		C54148191B5BB0BE0095053B /* Products */ = {
			isa = PBXGroup;
			children = (
				C54148181B5BB0BE0095053B /* T7E1JuanGarcia.app */,
				C541482D1B5BB0BF0095053B /* T7E1JuanGarciaTests.xctest */,
			);
			name = Products;
			sourceTree = "<group>";
		};
		C541481A1B5BB0BE0095053B /* T7E1JuanGarcia */ = {
			isa = PBXGroup;
			children = (
				C541483D1B5BB20E0095053B /* ams.png */,
				C541481D1B5BB0BE0095053B /* AppDelegate.swift */,
				C541481F1B5BB0BE0095053B /* ViewController.swift */,
				C54148211B5BB0BE0095053B /* Main.storyboard */,
				C54148241B5BB0BE0095053B /* Images.xcassets */,
				C54148261B5BB0BE0095053B /* LaunchScreen.xib */,
				C541481B1B5BB0BE0095053B /* Supporting Files */,
			);
			path = T7E1JuanGarcia;
			sourceTree = "<group>";
		};
		C541481B1B5BB0BE0095053B /* Supporting Files */ = {
			isa = PBXGroup;
			children = (
				C541481C1B5BB0BE0095053B /* Info.plist */,
			);
			name = "Supporting Files";
			sourceTree = "<group>";
		};
		C54148301B5BB0BF0095053B /* T7E1JuanGarciaTests */ = {
			isa = PBXGroup;
			children = (
				C54148331B5BB0BF0095053B /* T7E1JuanGarciaTests.swift */,
				C54148311B5BB0BF0095053B /* Supporting Files */,
			);
			path = T7E1JuanGarciaTests;
			sourceTree = "<group>";
		};
		C54148311B5BB0BF0095053B /* Supporting Files */ = {
			isa = PBXGroup;
			children = (
				C54148321B5BB0BF0095053B /* Info.plist */,
			);
			name = "Supporting Files";
			sourceTree = "<group>";
		};
/* End PBXGroup section */

/* Begin PBXNativeTarget section */
		C54148171B5BB0BE0095053B /* T7E1JuanGarcia */ = {
			isa = PBXNativeTarget;
			buildConfigurationList = C54148371B5BB0BF0095053B /* Build configuration list for PBXNativeTarget "T7E1JuanGarcia" */;
			buildPhases = (
				C54148141B5BB0BE0095053B /* Sources */,
				C54148151B5BB0BE0095053B /* Frameworks */,
				C54148161B5BB0BE0095053B /* Resources */,
			);
			buildRules = (
			);
			dependencies = (
			);
			name = T7E1JuanGarcia;
			productName = T7E1JuanGarcia;
			productReference = C54148181B5BB0BE0095053B /* T7E1JuanGarcia.app */;
			productType = "com.apple.product-type.application";
		};
		C541482C1B5BB0BF0095053B /* T7E1JuanGarciaTests */ = {
			isa = PBXNativeTarget;
			buildConfigurationList = C541483A1B5BB0BF0095053B /* Build configuration list for PBXNativeTarget "T7E1JuanGarciaTests" */;
			buildPhases = (
				C54148291B5BB0BF0095053B /* Sources */,
				C541482A1B5BB0BF0095053B /* Frameworks */,
				C541482B1B5BB0BF0095053B /* Resources */,
			);
			buildRules = (
			);
			dependencies = (
				C541482F1B5BB0BF0095053B /* PBXTargetDependency */,
			);
			name = T7E1JuanGarciaTests;
			productName = T7E1JuanGarciaTests;
			productReference = C541482D1B5BB0BF0095053B /* T7E1JuanGarciaTests.xctest */;
			productType = "com.apple.product-type.bundle.unit-test";
		};
/* End PBXNativeTarget section */

/* Begin PBXProject section */
		C54148101B5BB0BE0095053B /* Project object */ = {
			isa = PBXProject;
			attributes = {
				LastSwiftUpdateCheck = 0710;
				LastUpgradeCheck = 0640;
				ORGANIZATIONNAME = jgd;
				TargetAttributes = {
					C54148171B5BB0BE0095053B = {
						CreatedOnToolsVersion = 6.4;
						DevelopmentTeam = MK6N6UHZRE;
					};
					C541482C1B5BB0BF0095053B = {
						CreatedOnToolsVersion = 6.4;
						TestTargetID = C54148171B5BB0BE0095053B;
					};
				};
			};
			buildConfigurationList = C54148131B5BB0BE0095053B /* Build configuration list for PBXProject "T7E1JuanGarcia" */;
			compatibilityVersion = "Xcode 3.2";
			developmentRegion = English;
			hasScannedForEncodings = 0;
			knownRegions = (
				en,
				Base,
			);
			mainGroup = C541480F1B5BB0BE0095053B;
			productRefGroup = C54148191B5BB0BE0095053B /* Products */;
			projectDirPath = "";
			projectRoot = "";
			targets = (
				C54148171B5BB0BE0095053B /* T7E1JuanGarcia */,
				C541482C1B5BB0BF0095053B /* T7E1JuanGarciaTests */,
			);
		};
/* End PBXProject section */

/* Begin PBXResourcesBuildPhase section */
		C54148161B5BB0BE0095053B /* Resources */ = {
			isa = PBXResourcesBuildPhase;
			buildActionMask = 2147483647;
			files = (
				C54148231B5BB0BE0095053B /* Main.storyboard in Resources */,
				C54148281B5BB0BE0095053B /* LaunchScreen.xib in Resources */,
				C54148251B5BB0BE0095053B /* Images.xcassets in Resources */,
				C541483E1B5BB20E0095053B /* ams.png in Resources */,
			);
			runOnlyForDeploymentPostprocessing = 0;
		};
		C541482B1B5BB0BF0095053B /* Resources */ = {
			isa = PBXResourcesBuildPhase;
			buildActionMask = 2147483647;
			files = (
			);
			runOnlyForDeploymentPostprocessing = 0;
		};
/* End PBXResourcesBuildPhase section */

/* Begin PBXSourcesBuildPhase section */
		C54148141B5BB0BE0095053B /* Sources */ = {
			isa = PBXSourcesBuildPhase;
			buildActionMask = 2147483647;
			files = (
				C54148201B5BB0BE0095053B /* ViewController.swift in Sources */,
				C541481E1B5BB0BE0095053B /* AppDelegate.swift in Sources */,
			);
			runOnlyForDeploymentPostprocessing = 0;
		};
		C54148291B5BB0BF0095053B /* Sources */ = {
			isa = PBXSourcesBuildPhase;
			buildActionMask = 2147483647;
			files = (
				C54148341B5BB0BF0095053B /* T7E1JuanGarciaTests.swift in Sources */,
			);
			runOnlyForDeploymentPostprocessing = 0;
		};
/* End PBXSourcesBuildPhase section */

/* Begin PBXTargetDependency section */
		C541482F1B5BB0BF0095053B /* PBXTargetDependency */ = {
			isa = PBXTargetDependency;
			target = C54148171B5BB0BE0095053B /* T7E1JuanGarcia */;
			targetProxy = C541482E1B5BB0BF0095053B /* PBXContainerItemProxy */;
		};
/* End PBXTargetDependency section */

/* Begin PBXVariantGroup section */
		C54148211B5BB0BE0095053B /* Main.storyboard */ = {
			isa = PBXVariantGroup;
			children = (
				C54148221B5BB0BE0095053B /* Base */,
			);
			name = Main.storyboard;
			sourceTree = "<group>";
		};
		C54148261B5BB0BE0095053B /* LaunchScreen.xib */ = {
			isa = PBXVariantGroup;
			children = (
				C54148271B5BB0BE0095053B /* Base */,
			);
			name = LaunchScreen.xib;
			sourceTree = "<group>";
		};
/* End PBXVariantGroup section */

/* Begin XCBuildConfiguration section */
		C54148351B5BB0BF0095053B /* Debug */ = {
			isa = XCBuildConfiguration;
			buildSettings = {
				ALWAYS_SEARCH_USER_PATHS = NO;
				CLANG_CXX_LANGUAGE_STANDARD = "gnu++0x";
				CLANG_CXX_LIBRARY = "libc++";
				CLANG_ENABLE_MODULES = YES;
				CLANG_ENABLE_OBJC_ARC = YES;
				CLANG_WARN_BOOL_CONVERSION = YES;
				CLANG_WARN_CONSTANT_CONVERSION = YES;
				CLANG_WARN_DIRECT_OBJC_ISA_USAGE = YES_ERROR;
				CLANG_WARN_EMPTY_BODY = YES;
				CLANG_WARN_ENUM_CONVERSION = YES;
				CLANG_WARN_INT_CONVERSION = YES;
				CLANG_WARN_OBJC_ROOT_CLASS = YES_ERROR;
				CLANG_WARN_UNREACHABLE_CODE = YES;
				CLANG_WARN__DUPLICATE_METHOD_MATCH = YES;
				"CODE_SIGN_IDENTITY[sdk=iphoneos*]" = "iPhone Developer";
				COPY_PHASE_STRIP = NO;
				DEBUG_INFORMATION_FORMAT = "dwarf-with-dsym";
				ENABLE_STRICT_OBJC_MSGSEND = YES;
				GCC_C_LANGUAGE_STANDARD = gnu99;
				GCC_DYNAMIC_NO_PIC = NO;
				GCC_NO_COMMON_BLOCKS = YES;
				GCC_OPTIMIZATION_LEVEL = 0;
				GCC_PREPROCESSOR_DEFINITIONS = (
					"DEBUG=1",
					"$(inherited)",
				);
				GCC_SYMBOLS_PRIVATE_EXTERN = NO;
				GCC_WARN_64_TO_32_BIT_CONVERSION = YES;
				GCC_WARN_ABOUT_RETURN_TYPE = YES_ERROR;
				GCC_WARN_UNDECLARED_SELECTOR = YES;
				GCC_WARN_UNINITIALIZED_AUTOS = YES_AGGRESSIVE;
				GCC_WARN_UNUSED_FUNCTION = YES;
				GCC_WARN_UNUSED_VARIABLE = YES;
				IPHONEOS_DEPLOYMENT_TARGET = 8.4;
				MTL_ENABLE_DEBUG_INFO = YES;
				ONLY_ACTIVE_ARCH = YES;
				SDKROOT = iphoneos;
				SWIFT_OPTIMIZATION_LEVEL = "-Onone";
			};
			name = Debug;
		};
		C54148361B5BB0BF0095053B /* Release */ = {
			isa = XCBuildConfiguration;
			buildSettings = {
				ALWAYS_SEARCH_USER_PATHS = NO;
				CLANG_CXX_LANGUAGE_STANDARD = "gnu++0x";
				CLANG_CXX_LIBRARY = "libc++";
				CLANG_ENABLE_MODULES = YES;
				CLANG_ENABLE_OBJC_ARC = YES;
				CLANG_WARN_BOOL_CONVERSION = YES;
				CLANG_WARN_CONSTANT_CONVERSION = YES;
				CLANG_WARN_DIRECT_OBJC_ISA_USAGE = YES_ERROR;
				CLANG_WARN_EMPTY_BODY = YES;
				CLANG_WARN_ENUM_CONVERSION = YES;
				CLANG_WARN_INT_CONVERSION = YES;
				CLANG_WARN_OBJC_ROOT_CLASS = YES_ERROR;
				CLANG_WARN_UNREACHABLE_CODE = YES;
				CLANG_WARN__DUPLICATE_METHOD_MATCH = YES;
				"CODE_SIGN_IDENTITY[sdk=iphoneos*]" = "iPhone Developer";
				COPY_PHASE_STRIP = NO;
				DEBUG_INFORMATION_FORMAT = "dwarf-with-dsym";
				ENABLE_NS_ASSERTIONS = NO;
				ENABLE_STRICT_OBJC_MSGSEND = YES;
				GCC_C_LANGUAGE_STANDARD = gnu99;
				GCC_NO_COMMON_BLOCKS = YES;
				GCC_WARN_64_TO_32_BIT_CONVERSION = YES;
				GCC_WARN_ABOUT_RETURN_TYPE = YES_ERROR;
				GCC_WARN_UNDECLARED_SELECTOR = YES;
				GCC_WARN_UNINITIALIZED_AUTOS = YES_AGGRESSIVE;
				GCC_WARN_UNUSED_FUNCTION = YES;
				GCC_WARN_UNUSED_VARIABLE = YES;
				IPHONEOS_DEPLOYMENT_TARGET = 8.4;
				MTL_ENABLE_DEBUG_INFO = NO;
				SDKROOT = iphoneos;
				VALIDATE_PRODUCT = YES;
			};
			name = Release;
		};
		C54148381B5BB0BF0095053B /* Debug */ = {
			isa = XCBuildConfiguration;
			buildSettings = {
				ASSETCATALOG_COMPILER_APPICON_NAME = AppIcon;
				CODE_SIGN_IDENTITY = "iPhone Developer";
				"CODE_SIGN_IDENTITY[sdk=iphoneos*]" = "iPhone Developer";
				INFOPLIST_FILE = T7E1JuanGarcia/Info.plist;
				LD_RUNPATH_SEARCH_PATHS = "$(inherited) @executable_path/Frameworks";
				PRODUCT_NAME = "$(TARGET_NAME)";
				PROVISIONING_PROFILE = "";
			};
			name = Debug;
		};
		C54148391B5BB0BF0095053B /* Release */ = {
			isa = XCBuildConfiguration;
			buildSettings = {
				ASSETCATALOG_COMPILER_APPICON_NAME = AppIcon;
				CODE_SIGN_IDENTITY = "iPhone Developer";
				"CODE_SIGN_IDENTITY[sdk=iphoneos*]" = "iPhone Developer";
				INFOPLIST_FILE = T7E1JuanGarcia/Info.plist;
				LD_RUNPATH_SEARCH_PATHS = "$(inherited) @executable_path/Frameworks";
				PRODUCT_NAME = "$(TARGET_NAME)";
				PROVISIONING_PROFILE = "";
			};
			name = Release;
		};
		C541483B1B5BB0BF0095053B /* Debug */ = {
			isa = XCBuildConfiguration;
			buildSettings = {
				BUNDLE_LOADER = "$(TEST_HOST)";
				FRAMEWORK_SEARCH_PATHS = (
					"$(SDKROOT)/Developer/Library/Frameworks",
					"$(inherited)",
				);
				GCC_PREPROCESSOR_DEFINITIONS = (
					"DEBUG=1",
					"$(inherited)",
				);
				INFOPLIST_FILE = T7E1JuanGarciaTests/Info.plist;
				LD_RUNPATH_SEARCH_PATHS = "$(inherited) @executable_path/Frameworks @loader_path/Frameworks";
				PRODUCT_NAME = "$(TARGET_NAME)";
				TEST_HOST = "$(BUILT_PRODUCTS_DIR)/T7E1JuanGarcia.app/T7E1JuanGarcia";
			};
			name = Debug;
		};
		C541483C1B5BB0BF0095053B /* Release */ = {
			isa = XCBuildConfiguration;
			buildSettings = {
				BUNDLE_LOADER = "$(TEST_HOST)";
				FRAMEWORK_SEARCH_PATHS = (
					"$(SDKROOT)/Developer/Library/Frameworks",
					"$(inherited)",
				);
				INFOPLIST_FILE = T7E1JuanGarciaTests/Info.plist;
				LD_RUNPATH_SEARCH_PATHS = "$(inherited) @executable_path/Frameworks @loader_path/Frameworks";
				PRODUCT_NAME = "$(TARGET_NAME)";
				TEST_HOST = "$(BUILT_PRODUCTS_DIR)/T7E1JuanGarcia.app/T7E1JuanGarcia";
			};
			name = Release;
		};
/* End XCBuildConfiguration section */

/* Begin XCConfigurationList section */
		C54148131B5BB0BE0095053B /* Build configuration list for PBXProject "T7E1JuanGarcia" */ = {
			isa = XCConfigurationList;
			buildConfigurations = (
				C54148351B5BB0BF0095053B /* Debug */,
				C54148361B5BB0BF0095053B /* Release */,
			);
			defaultConfigurationIsVisible = 0;
			defaultConfigurationName = Release;
		};
		C54148371B5BB0BF0095053B /* Build configuration list for PBXNativeTarget "T7E1JuanGarcia" */ = {
			isa = XCConfigurationList;
			buildConfigurations = (
				C54148381B5BB0BF0095053B /* Debug */,
				C54148391B5BB0BF0095053B /* Release */,
			);
			defaultConfigurationIsVisible = 0;
			defaultConfigurationName = Release;
		};
		C541483A1B5BB0BF0095053B /* Build configuration list for PBXNativeTarget "T7E1JuanGarciaTests" */ = {
			isa = XCConfigurationList;
			buildConfigurations = (
				C541483B1B5BB0BF0095053B /* Debug */,
				C541483C1B5BB0BF0095053B /* Release */,
			);
			defaultConfigurationIsVisible = 0;
			defaultConfigurationName = Release;
		};
/* End XCConfigurationList section */
	};
	rootObject = C54148101B5BB0BE0095053B /* Project object */;
}
